// !$*UTF8*$!
{
	archiveVersion = 1;
	classes = {
	};
	objectVersion = 46;
	objects = {

/* Begin PBXBuildFile section */
		01EEC98C4FEA5B6741301991 /* Pods_AndesUI_demoapp.framework in Frameworks */ = {isa = PBXBuildFile; fileRef = 88075539FED002D9B3E9FB24 /* Pods_AndesUI_demoapp.framework */; };
		23FC4A8A3B6BB911C7A24326 /* Pods_AndesUI_Tests.framework in Frameworks */ = {isa = PBXBuildFile; fileRef = F3976F3E13DC7E814E993C64 /* Pods_AndesUI_Tests.framework */; };
		57F34E9E2225DE0900454D8B /* AndesUIAppDelegate.swift in Sources */ = {isa = PBXBuildFile; fileRef = 57F34E912225DE0900454D8B /* AndesUIAppDelegate.swift */; };
		607FACDD1AFB9204008FA782 /* Images.xcassets in Resources */ = {isa = PBXBuildFile; fileRef = 607FACDC1AFB9204008FA782 /* Images.xcassets */; };
		607FACE01AFB9204008FA782 /* LaunchScreen.xib in Resources */ = {isa = PBXBuildFile; fileRef = 607FACDE1AFB9204008FA782 /* LaunchScreen.xib */; };
		607FACEC1AFB9204008FA782 /* AndesStyleSheetTests.swift in Sources */ = {isa = PBXBuildFile; fileRef = 607FACEB1AFB9204008FA782 /* AndesStyleSheetTests.swift */; };
		6A186A6823AC0FBB00420556 /* ButtonsRouter.swift in Sources */ = {isa = PBXBuildFile; fileRef = 6A186A6423AC0FBB00420556 /* ButtonsRouter.swift */; };
		6A186A6923AC0FBB00420556 /* ButtonsViewController.swift in Sources */ = {isa = PBXBuildFile; fileRef = 6A186A6623AC0FBB00420556 /* ButtonsViewController.swift */; };
		6A186A6A23AC0FBB00420556 /* ButtonsViewController.xib in Resources */ = {isa = PBXBuildFile; fileRef = 6A186A6723AC0FBB00420556 /* ButtonsViewController.xib */; };
		6A22DCC023C918EA00BBFEA0 /* AndesUIViewController.m in Sources */ = {isa = PBXBuildFile; fileRef = 6A22DCBE23C918EA00BBFEA0 /* AndesUIViewController.m */; };
		6A22DCC123C918EA00BBFEA0 /* AndesUIViewController.xib in Resources */ = {isa = PBXBuildFile; fileRef = 6A22DCBF23C918EA00BBFEA0 /* AndesUIViewController.xib */; };
		6A3C9CFA23C692B6007D0C8B /* HomeRouter.swift in Sources */ = {isa = PBXBuildFile; fileRef = 6A3C9CF423C692B6007D0C8B /* HomeRouter.swift */; };
		6A3C9CFB23C692B6007D0C8B /* HomePresenter.swift in Sources */ = {isa = PBXBuildFile; fileRef = 6A3C9CF623C692B6007D0C8B /* HomePresenter.swift */; };
		6A3C9CFC23C692B6007D0C8B /* HomeViewController.xib in Resources */ = {isa = PBXBuildFile; fileRef = 6A3C9CF823C692B6007D0C8B /* HomeViewController.xib */; };
		6A3C9CFD23C692B6007D0C8B /* HomeViewController.swift in Sources */ = {isa = PBXBuildFile; fileRef = 6A3C9CF923C692B6007D0C8B /* HomeViewController.swift */; };
		9C2FFC6323EC4AFD0016292E /* AndesMessageShowcaseViewController.swift in Sources */ = {isa = PBXBuildFile; fileRef = 9C2FFC6123EC4AFD0016292E /* AndesMessageShowcaseViewController.swift */; };
		9C2FFC6423EC4AFD0016292E /* AndesMessageShowcaseViewController.xib in Resources */ = {isa = PBXBuildFile; fileRef = 9C2FFC6223EC4AFD0016292E /* AndesMessageShowcaseViewController.xib */; };
		9C2FFC6B23EDB1A50016292E /* whats_new.html in Resources */ = {isa = PBXBuildFile; fileRef = 9C2FFC6A23EDB1A50016292E /* whats_new.html */; };
		9C9B5A8123ECADB80007234B /* String+Additions.swift in Sources */ = {isa = PBXBuildFile; fileRef = 9C9B5A8023ECADB80007234B /* String+Additions.swift */; };
		9C9B5A8823ECB08D0007234B /* Localizable.strings in Resources */ = {isa = PBXBuildFile; fileRef = 9C9B5A8723ECB08D0007234B /* Localizable.strings */; };
		9C9B5A8C23ECEEBE0007234B /* WhatsNewRouter.swift in Sources */ = {isa = PBXBuildFile; fileRef = 9C9B5A8B23ECEEBE0007234B /* WhatsNewRouter.swift */; };
		9C9B5A8F23ECEED40007234B /* WhatsNewViewController.swift in Sources */ = {isa = PBXBuildFile; fileRef = 9C9B5A8D23ECEED40007234B /* WhatsNewViewController.swift */; };
		9C9B5A9023ECEED40007234B /* WhatsNewViewController.xib in Resources */ = {isa = PBXBuildFile; fileRef = 9C9B5A8E23ECEED40007234B /* WhatsNewViewController.xib */; };
		9C9B5A9223ECF2120007234B /* CHANGELOG.md in Resources */ = {isa = PBXBuildFile; fileRef = 9C9B5A9123ECF2120007234B /* CHANGELOG.md */; };
		9CAD81E923FD66ED00D43EB9 /* AndesIconsManagerTests.swift in Sources */ = {isa = PBXBuildFile; fileRef = 9CAD81E723FD62C900D43EB9 /* AndesIconsManagerTests.swift */; };
		9CD1071D23EDF3A90081232D /* UIView+Additions.swift in Sources */ = {isa = PBXBuildFile; fileRef = 9CD1071C23EDF3A90081232D /* UIView+Additions.swift */; };
		9CD1072123F1B0EE0081232D /* TextViewAlertViewController.swift in Sources */ = {isa = PBXBuildFile; fileRef = 9CD1071F23F1B0EE0081232D /* TextViewAlertViewController.swift */; };
		9CD1072B23F1E7AB0081232D /* MessagesRouter.swift in Sources */ = {isa = PBXBuildFile; fileRef = 9CD1072A23F1E7AB0081232D /* MessagesRouter.swift */; };
		9CE112DB23CE587B0017B770 /* MessageViewController.swift in Sources */ = {isa = PBXBuildFile; fileRef = 9CE112DA23CE587B0017B770 /* MessageViewController.swift */; };
		9CE112DD23CE58910017B770 /* MessageViewController.xib in Resources */ = {isa = PBXBuildFile; fileRef = 9CE112DC23CE58910017B770 /* MessageViewController.xib */; };
		9CE112F123D1E14B0017B770 /* AndesMessageTests.swift in Sources */ = {isa = PBXBuildFile; fileRef = 9CE112EF23D1DE0A0017B770 /* AndesMessageTests.swift */; };
		9CE112FD23D20B0E0017B770 /* MessageObjCViewController.xib in Resources */ = {isa = PBXBuildFile; fileRef = 9CE112FC23D20B0E0017B770 /* MessageObjCViewController.xib */; };
		9CE1130223D20BF40017B770 /* MessageObjCViewController.m in Sources */ = {isa = PBXBuildFile; fileRef = 9CE1130123D20BF40017B770 /* MessageObjCViewController.m */; };
		E615508A23D619E300417B5F /* AndesButtonTests.swift in Sources */ = {isa = PBXBuildFile; fileRef = E615508823D6196C00417B5F /* AndesButtonTests.swift */; };
/* End PBXBuildFile section */

/* Begin PBXContainerItemProxy section */
		607FACE61AFB9204008FA782 /* PBXContainerItemProxy */ = {
			isa = PBXContainerItemProxy;
			containerPortal = 607FACC81AFB9204008FA782 /* Project object */;
			proxyType = 1;
			remoteGlobalIDString = 607FACCF1AFB9204008FA782;
			remoteInfo = AndesUI;
		};
/* End PBXContainerItemProxy section */

/* Begin PBXFileReference section */
		32754AD251878600F6E4BBEA /* Pods-AndesUI-demoapp.release.xcconfig */ = {isa = PBXFileReference; includeInIndex = 1; lastKnownFileType = text.xcconfig; name = "Pods-AndesUI-demoapp.release.xcconfig"; path = "Target Support Files/Pods-AndesUI-demoapp/Pods-AndesUI-demoapp.release.xcconfig"; sourceTree = "<group>"; };
		3A1AFEA97874D75790DD8C33 /* AndesUI.podspec */ = {isa = PBXFileReference; includeInIndex = 1; lastKnownFileType = text; name = AndesUI.podspec; path = ../AndesUI.podspec; sourceTree = "<group>"; };
		47FD3A5678D14009C0E97628 /* Pods-AndesUI_Tests.release.xcconfig */ = {isa = PBXFileReference; includeInIndex = 1; lastKnownFileType = text.xcconfig; name = "Pods-AndesUI_Tests.release.xcconfig"; path = "Target Support Files/Pods-AndesUI_Tests/Pods-AndesUI_Tests.release.xcconfig"; sourceTree = "<group>"; };
		57ED041E2226FD1200614168 /* Info.plist */ = {isa = PBXFileReference; fileEncoding = 4; lastKnownFileType = text.plist.xml; path = Info.plist; sourceTree = "<group>"; };
		57F34E912225DE0900454D8B /* AndesUIAppDelegate.swift */ = {isa = PBXFileReference; fileEncoding = 4; lastKnownFileType = sourcecode.swift; path = AndesUIAppDelegate.swift; sourceTree = "<group>"; };
		607FACD01AFB9204008FA782 /* AndesUI DemoApp.app */ = {isa = PBXFileReference; explicitFileType = wrapper.application; includeInIndex = 0; path = "AndesUI DemoApp.app"; sourceTree = BUILT_PRODUCTS_DIR; };
		607FACD41AFB9204008FA782 /* AndesUI-Info.plist */ = {isa = PBXFileReference; fileEncoding = 4; lastKnownFileType = text.plist.xml; path = "AndesUI-Info.plist"; sourceTree = "<group>"; };
		607FACDC1AFB9204008FA782 /* Images.xcassets */ = {isa = PBXFileReference; lastKnownFileType = folder.assetcatalog; path = Images.xcassets; sourceTree = "<group>"; };
		607FACDF1AFB9204008FA782 /* Base */ = {isa = PBXFileReference; lastKnownFileType = file.xib; name = Base; path = Base.lproj/LaunchScreen.xib; sourceTree = "<group>"; };
		607FACE51AFB9204008FA782 /* AndesUI_Tests.xctest */ = {isa = PBXFileReference; explicitFileType = wrapper.cfbundle; includeInIndex = 0; path = AndesUI_Tests.xctest; sourceTree = BUILT_PRODUCTS_DIR; };
		607FACEB1AFB9204008FA782 /* AndesStyleSheetTests.swift */ = {isa = PBXFileReference; lastKnownFileType = sourcecode.swift; path = AndesStyleSheetTests.swift; sourceTree = "<group>"; };
		6A186A6423AC0FBB00420556 /* ButtonsRouter.swift */ = {isa = PBXFileReference; fileEncoding = 4; lastKnownFileType = sourcecode.swift; path = ButtonsRouter.swift; sourceTree = "<group>"; };
		6A186A6623AC0FBB00420556 /* ButtonsViewController.swift */ = {isa = PBXFileReference; fileEncoding = 4; lastKnownFileType = sourcecode.swift; path = ButtonsViewController.swift; sourceTree = "<group>"; };
		6A186A6723AC0FBB00420556 /* ButtonsViewController.xib */ = {isa = PBXFileReference; fileEncoding = 4; lastKnownFileType = file.xib; path = ButtonsViewController.xib; sourceTree = "<group>"; };
		6A22DCBC23C918EA00BBFEA0 /* AndesUI-demoapp-Bridging-Header.h */ = {isa = PBXFileReference; lastKnownFileType = sourcecode.c.h; path = "AndesUI-demoapp-Bridging-Header.h"; sourceTree = "<group>"; };
		6A22DCBD23C918EA00BBFEA0 /* AndesUIViewController.h */ = {isa = PBXFileReference; lastKnownFileType = sourcecode.c.h; path = AndesUIViewController.h; sourceTree = "<group>"; };
		6A22DCBE23C918EA00BBFEA0 /* AndesUIViewController.m */ = {isa = PBXFileReference; lastKnownFileType = sourcecode.c.objc; path = AndesUIViewController.m; sourceTree = "<group>"; };
		6A22DCBF23C918EA00BBFEA0 /* AndesUIViewController.xib */ = {isa = PBXFileReference; lastKnownFileType = file.xib; path = AndesUIViewController.xib; sourceTree = "<group>"; };
		6A3C9CF423C692B6007D0C8B /* HomeRouter.swift */ = {isa = PBXFileReference; fileEncoding = 4; lastKnownFileType = sourcecode.swift; path = HomeRouter.swift; sourceTree = "<group>"; };
		6A3C9CF623C692B6007D0C8B /* HomePresenter.swift */ = {isa = PBXFileReference; fileEncoding = 4; lastKnownFileType = sourcecode.swift; path = HomePresenter.swift; sourceTree = "<group>"; };
		6A3C9CF823C692B6007D0C8B /* HomeViewController.xib */ = {isa = PBXFileReference; fileEncoding = 4; lastKnownFileType = file.xib; path = HomeViewController.xib; sourceTree = "<group>"; };
		6A3C9CF923C692B6007D0C8B /* HomeViewController.swift */ = {isa = PBXFileReference; fileEncoding = 4; lastKnownFileType = sourcecode.swift; path = HomeViewController.swift; sourceTree = "<group>"; };
		88075539FED002D9B3E9FB24 /* Pods_AndesUI_demoapp.framework */ = {isa = PBXFileReference; explicitFileType = wrapper.framework; includeInIndex = 0; path = Pods_AndesUI_demoapp.framework; sourceTree = BUILT_PRODUCTS_DIR; };
		9C2FFC6123EC4AFD0016292E /* AndesMessageShowcaseViewController.swift */ = {isa = PBXFileReference; lastKnownFileType = sourcecode.swift; path = AndesMessageShowcaseViewController.swift; sourceTree = "<group>"; };
		9C2FFC6223EC4AFD0016292E /* AndesMessageShowcaseViewController.xib */ = {isa = PBXFileReference; lastKnownFileType = file.xib; path = AndesMessageShowcaseViewController.xib; sourceTree = "<group>"; };
		9C2FFC6A23EDB1A50016292E /* whats_new.html */ = {isa = PBXFileReference; fileEncoding = 4; lastKnownFileType = text.html; path = whats_new.html; sourceTree = "<group>"; };
		9C9B5A8023ECADB80007234B /* String+Additions.swift */ = {isa = PBXFileReference; lastKnownFileType = sourcecode.swift; path = "String+Additions.swift"; sourceTree = "<group>"; };
		9C9B5A8723ECB08D0007234B /* Localizable.strings */ = {isa = PBXFileReference; lastKnownFileType = text.plist.strings; path = Localizable.strings; sourceTree = "<group>"; };
		9C9B5A8B23ECEEBE0007234B /* WhatsNewRouter.swift */ = {isa = PBXFileReference; lastKnownFileType = sourcecode.swift; path = WhatsNewRouter.swift; sourceTree = "<group>"; };
		9C9B5A8D23ECEED40007234B /* WhatsNewViewController.swift */ = {isa = PBXFileReference; lastKnownFileType = sourcecode.swift; path = WhatsNewViewController.swift; sourceTree = "<group>"; };
		9C9B5A8E23ECEED40007234B /* WhatsNewViewController.xib */ = {isa = PBXFileReference; lastKnownFileType = file.xib; path = WhatsNewViewController.xib; sourceTree = "<group>"; };
		9C9B5A9123ECF2120007234B /* CHANGELOG.md */ = {isa = PBXFileReference; fileEncoding = 4; lastKnownFileType = net.daringfireball.markdown; name = CHANGELOG.md; path = ../CHANGELOG.md; sourceTree = "<group>"; };
		9CAD81E723FD62C900D43EB9 /* AndesIconsManagerTests.swift */ = {isa = PBXFileReference; lastKnownFileType = sourcecode.swift; path = AndesIconsManagerTests.swift; sourceTree = "<group>"; };
		9CD1071C23EDF3A90081232D /* UIView+Additions.swift */ = {isa = PBXFileReference; lastKnownFileType = sourcecode.swift; path = "UIView+Additions.swift"; sourceTree = "<group>"; };
		9CD1071F23F1B0EE0081232D /* TextViewAlertViewController.swift */ = {isa = PBXFileReference; lastKnownFileType = sourcecode.swift; path = TextViewAlertViewController.swift; sourceTree = "<group>"; };
		9CD1072A23F1E7AB0081232D /* MessagesRouter.swift */ = {isa = PBXFileReference; fileEncoding = 4; lastKnownFileType = sourcecode.swift; name = MessagesRouter.swift; path = Routers/MessagesRouter.swift; sourceTree = "<group>"; };
		9CE112DA23CE587B0017B770 /* MessageViewController.swift */ = {isa = PBXFileReference; lastKnownFileType = sourcecode.swift; path = MessageViewController.swift; sourceTree = "<group>"; };
		9CE112DC23CE58910017B770 /* MessageViewController.xib */ = {isa = PBXFileReference; lastKnownFileType = file.xib; path = MessageViewController.xib; sourceTree = "<group>"; };
		9CE112ED23D103080017B770 /* AndesButtonTests.swift */ = {isa = PBXFileReference; fileEncoding = 4; lastKnownFileType = sourcecode.swift; path = AndesButtonTests.swift; sourceTree = "<group>"; };
		9CE112EF23D1DE0A0017B770 /* AndesMessageTests.swift */ = {isa = PBXFileReference; lastKnownFileType = sourcecode.swift; path = AndesMessageTests.swift; sourceTree = "<group>"; };
		9CE112FC23D20B0E0017B770 /* MessageObjCViewController.xib */ = {isa = PBXFileReference; lastKnownFileType = file.xib; path = MessageObjCViewController.xib; sourceTree = "<group>"; };
		9CE1130123D20BF40017B770 /* MessageObjCViewController.m */ = {isa = PBXFileReference; lastKnownFileType = sourcecode.c.objc; path = MessageObjCViewController.m; sourceTree = "<group>"; };
		9CE1130323D20BFC0017B770 /* MessageObjCViewController.h */ = {isa = PBXFileReference; lastKnownFileType = sourcecode.c.h; path = MessageObjCViewController.h; sourceTree = "<group>"; };
		AC98BF20D5812F377975A7D9 /* README.md */ = {isa = PBXFileReference; includeInIndex = 1; lastKnownFileType = net.daringfireball.markdown; name = README.md; path = ../README.md; sourceTree = "<group>"; };
		AED375013FCB672078A2F194 /* Pods-AndesUI_Tests.debug.xcconfig */ = {isa = PBXFileReference; includeInIndex = 1; lastKnownFileType = text.xcconfig; name = "Pods-AndesUI_Tests.debug.xcconfig"; path = "Target Support Files/Pods-AndesUI_Tests/Pods-AndesUI_Tests.debug.xcconfig"; sourceTree = "<group>"; };
		BC0D9ABDAB73DD9E91B5822B /* Pods-AndesUI-demoapp.debug.xcconfig */ = {isa = PBXFileReference; includeInIndex = 1; lastKnownFileType = text.xcconfig; name = "Pods-AndesUI-demoapp.debug.xcconfig"; path = "Target Support Files/Pods-AndesUI-demoapp/Pods-AndesUI-demoapp.debug.xcconfig"; sourceTree = "<group>"; };
		E3E9B26B74F98D6773C98C88 /* LICENSE */ = {isa = PBXFileReference; includeInIndex = 1; lastKnownFileType = text; name = LICENSE; path = ../LICENSE; sourceTree = "<group>"; };
		E615508823D6196C00417B5F /* AndesButtonTests.swift */ = {isa = PBXFileReference; fileEncoding = 4; lastKnownFileType = sourcecode.swift; path = AndesButtonTests.swift; sourceTree = "<group>"; };
		E61E8ED6239E9A7A00F85A8A /* Foundation.framework */ = {isa = PBXFileReference; lastKnownFileType = wrapper.framework; name = Foundation.framework; path = System/Library/Frameworks/Foundation.framework; sourceTree = SDKROOT; };
		F3976F3E13DC7E814E993C64 /* Pods_AndesUI_Tests.framework */ = {isa = PBXFileReference; explicitFileType = wrapper.framework; includeInIndex = 0; path = Pods_AndesUI_Tests.framework; sourceTree = BUILT_PRODUCTS_DIR; };
/* End PBXFileReference section */

/* Begin PBXFrameworksBuildPhase section */
		607FACCD1AFB9204008FA782 /* Frameworks */ = {
			isa = PBXFrameworksBuildPhase;
			buildActionMask = 2147483647;
			files = (
				01EEC98C4FEA5B6741301991 /* Pods_AndesUI_demoapp.framework in Frameworks */,
			);
			runOnlyForDeploymentPostprocessing = 0;
		};
		607FACE21AFB9204008FA782 /* Frameworks */ = {
			isa = PBXFrameworksBuildPhase;
			buildActionMask = 2147483647;
			files = (
				23FC4A8A3B6BB911C7A24326 /* Pods_AndesUI_Tests.framework in Frameworks */,
			);
			runOnlyForDeploymentPostprocessing = 0;
		};
/* End PBXFrameworksBuildPhase section */

/* Begin PBXGroup section */
		607FACC71AFB9204008FA782 = {
			isa = PBXGroup;
			children = (
				607FACF51AFB993E008FA782 /* Podspec Metadata */,
				607FACD21AFB9204008FA782 /* Example for AndesUI */,
				607FACE81AFB9204008FA782 /* Tests */,
				607FACD11AFB9204008FA782 /* Products */,
				7613B115B5FF19062CE27E07 /* Frameworks */,
				6A3C9CF123C69275007D0C8B /* Recovered References */,
				AEF849C252F891DB736DCDF7 /* Pods */,
			);
			sourceTree = "<group>";
		};
		607FACD11AFB9204008FA782 /* Products */ = {
			isa = PBXGroup;
			children = (
				607FACD01AFB9204008FA782 /* AndesUI DemoApp.app */,
				607FACE51AFB9204008FA782 /* AndesUI_Tests.xctest */,
			);
			name = Products;
			sourceTree = "<group>";
		};
		607FACD21AFB9204008FA782 /* Example for AndesUI */ = {
			isa = PBXGroup;
			children = (
				9CD1071E23F1B0AF0081232D /* CustomViews */,
				9C9B5A8923ECEE650007234B /* WhatsNew */,
				9C9B5A7F23ECADA60007234B /* Additions */,
				6A3C9CF223C692B6007D0C8B /* Home */,
				9CE112D923CE58590017B770 /* Messages */,
				6A186A6223AC0FBB00420556 /* Buttons */,
				57F34E912225DE0900454D8B /* AndesUIAppDelegate.swift */,
				9C9B5A8723ECB08D0007234B /* Localizable.strings */,
				6A22DCBC23C918EA00BBFEA0 /* AndesUI-demoapp-Bridging-Header.h */,
				607FACDC1AFB9204008FA782 /* Images.xcassets */,
				607FACDE1AFB9204008FA782 /* LaunchScreen.xib */,
				607FACD31AFB9204008FA782 /* Supporting Files */,
			);
			name = "Example for AndesUI";
			path = AndesUI;
			sourceTree = "<group>";
		};
		607FACD31AFB9204008FA782 /* Supporting Files */ = {
			isa = PBXGroup;
			children = (
				607FACD41AFB9204008FA782 /* AndesUI-Info.plist */,
			);
			name = "Supporting Files";
			sourceTree = "<group>";
		};
		607FACE81AFB9204008FA782 /* Tests */ = {
			isa = PBXGroup;
			children = (
				E615508823D6196C00417B5F /* AndesButtonTests.swift */,
				607FACEB1AFB9204008FA782 /* AndesStyleSheetTests.swift */,
				9CE112ED23D103080017B770 /* AndesButtonTests.swift */,
				9CE112EF23D1DE0A0017B770 /* AndesMessageTests.swift */,
				9CAD81E723FD62C900D43EB9 /* AndesIconsManagerTests.swift */,
				607FACE91AFB9204008FA782 /* Supporting Files */,
			);
			path = Tests;
			sourceTree = "<group>";
		};
		607FACE91AFB9204008FA782 /* Supporting Files */ = {
			isa = PBXGroup;
			children = (
				57ED041E2226FD1200614168 /* Info.plist */,
			);
			name = "Supporting Files";
			sourceTree = "<group>";
		};
		607FACF51AFB993E008FA782 /* Podspec Metadata */ = {
			isa = PBXGroup;
			children = (
				3A1AFEA97874D75790DD8C33 /* AndesUI.podspec */,
				AC98BF20D5812F377975A7D9 /* README.md */,
				9C9B5A9123ECF2120007234B /* CHANGELOG.md */,
				E3E9B26B74F98D6773C98C88 /* LICENSE */,
			);
			name = "Podspec Metadata";
			sourceTree = "<group>";
		};
		6A186A6223AC0FBB00420556 /* Buttons */ = {
			isa = PBXGroup;
			children = (
				6A186A6323AC0FBB00420556 /* Routers */,
				6A186A6523AC0FBB00420556 /* Views */,
			);
			path = Buttons;
			sourceTree = "<group>";
		};
		6A186A6323AC0FBB00420556 /* Routers */ = {
			isa = PBXGroup;
			children = (
				6A186A6423AC0FBB00420556 /* ButtonsRouter.swift */,
			);
			path = Routers;
			sourceTree = "<group>";
		};
		6A186A6523AC0FBB00420556 /* Views */ = {
			isa = PBXGroup;
			children = (
				6A186A6623AC0FBB00420556 /* ButtonsViewController.swift */,
				6A186A6723AC0FBB00420556 /* ButtonsViewController.xib */,
				6A22DCBD23C918EA00BBFEA0 /* AndesUIViewController.h */,
				6A22DCBE23C918EA00BBFEA0 /* AndesUIViewController.m */,
				6A22DCBF23C918EA00BBFEA0 /* AndesUIViewController.xib */,
			);
			path = Views;
			sourceTree = "<group>";
		};
		6A3C9CF123C69275007D0C8B /* Recovered References */ = {
			isa = PBXGroup;
			children = (
			);
			name = "Recovered References";
			sourceTree = "<group>";
		};
		6A3C9CF223C692B6007D0C8B /* Home */ = {
			isa = PBXGroup;
			children = (
				6A3C9CF323C692B6007D0C8B /* Routers */,
				6A3C9CF523C692B6007D0C8B /* Presenters */,
				6A3C9CF723C692B6007D0C8B /* Views */,
			);
			path = Home;
			sourceTree = "<group>";
		};
		6A3C9CF323C692B6007D0C8B /* Routers */ = {
			isa = PBXGroup;
			children = (
				6A3C9CF423C692B6007D0C8B /* HomeRouter.swift */,
			);
			path = Routers;
			sourceTree = "<group>";
		};
		6A3C9CF523C692B6007D0C8B /* Presenters */ = {
			isa = PBXGroup;
			children = (
				6A3C9CF623C692B6007D0C8B /* HomePresenter.swift */,
			);
			path = Presenters;
			sourceTree = "<group>";
		};
		6A3C9CF723C692B6007D0C8B /* Views */ = {
			isa = PBXGroup;
			children = (
				6A3C9CF823C692B6007D0C8B /* HomeViewController.xib */,
				6A3C9CF923C692B6007D0C8B /* HomeViewController.swift */,
			);
			path = Views;
			sourceTree = "<group>";
		};
		7613B115B5FF19062CE27E07 /* Frameworks */ = {
			isa = PBXGroup;
			children = (
				E61E8ED6239E9A7A00F85A8A /* Foundation.framework */,
				88075539FED002D9B3E9FB24 /* Pods_AndesUI_demoapp.framework */,
				F3976F3E13DC7E814E993C64 /* Pods_AndesUI_Tests.framework */,
			);
			name = Frameworks;
			sourceTree = "<group>";
		};
		9C9B5A7F23ECADA60007234B /* Additions */ = {
			isa = PBXGroup;
			children = (
				9C9B5A8023ECADB80007234B /* String+Additions.swift */,
				9CD1071C23EDF3A90081232D /* UIView+Additions.swift */,
			);
			path = Additions;
			sourceTree = "<group>";
		};
		9C9B5A8923ECEE650007234B /* WhatsNew */ = {
			isa = PBXGroup;
			children = (
				9C2FFC6A23EDB1A50016292E /* whats_new.html */,
				9C9B5A8B23ECEEBE0007234B /* WhatsNewRouter.swift */,
				9C9B5A8D23ECEED40007234B /* WhatsNewViewController.swift */,
				9C9B5A8E23ECEED40007234B /* WhatsNewViewController.xib */,
			);
			path = WhatsNew;
			sourceTree = "<group>";
		};
		9CD1071E23F1B0AF0081232D /* CustomViews */ = {
			isa = PBXGroup;
			children = (
				9CD1071F23F1B0EE0081232D /* TextViewAlertViewController.swift */,
			);
			path = CustomViews;
			sourceTree = "<group>";
		};
		9CE112D923CE58590017B770 /* Messages */ = {
			isa = PBXGroup;
			children = (
				9CD1072A23F1E7AB0081232D /* MessagesRouter.swift */,
				9CE112EA23D0FAD30017B770 /* Views */,
			);
			path = Messages;
			sourceTree = "<group>";
		};
		9CE112EA23D0FAD30017B770 /* Views */ = {
			isa = PBXGroup;
			children = (
				9CE112DA23CE587B0017B770 /* MessageViewController.swift */,
				9CE112DC23CE58910017B770 /* MessageViewController.xib */,
				9CE112FC23D20B0E0017B770 /* MessageObjCViewController.xib */,
				9CE1130123D20BF40017B770 /* MessageObjCViewController.m */,
				9CE1130323D20BFC0017B770 /* MessageObjCViewController.h */,
				9C2FFC6123EC4AFD0016292E /* AndesMessageShowcaseViewController.swift */,
				9C2FFC6223EC4AFD0016292E /* AndesMessageShowcaseViewController.xib */,
			);
			path = Views;
			sourceTree = "<group>";
		};
		AEF849C252F891DB736DCDF7 /* Pods */ = {
			isa = PBXGroup;
			children = (
				BC0D9ABDAB73DD9E91B5822B /* Pods-AndesUI-demoapp.debug.xcconfig */,
				32754AD251878600F6E4BBEA /* Pods-AndesUI-demoapp.release.xcconfig */,
				AED375013FCB672078A2F194 /* Pods-AndesUI_Tests.debug.xcconfig */,
				47FD3A5678D14009C0E97628 /* Pods-AndesUI_Tests.release.xcconfig */,
			);
			name = Pods;
			path = ../Pods;
			sourceTree = "<group>";
		};
/* End PBXGroup section */

/* Begin PBXNativeTarget section */
		607FACCF1AFB9204008FA782 /* AndesUI-demoapp */ = {
			isa = PBXNativeTarget;
			buildConfigurationList = 607FACEF1AFB9204008FA782 /* Build configuration list for PBXNativeTarget "AndesUI-demoapp" */;
			buildPhases = (
				453F600E836526D661824E97 /* [CP] Check Pods Manifest.lock */,
				607FACCC1AFB9204008FA782 /* Sources */,
				607FACCD1AFB9204008FA782 /* Frameworks */,
				607FACCE1AFB9204008FA782 /* Resources */,
				5008422653241ED6B69D91D4 /* [CP] Embed Pods Frameworks */,
			);
			buildRules = (
			);
			dependencies = (
			);
			name = "AndesUI-demoapp";
			productName = AndesUI;
			productReference = 607FACD01AFB9204008FA782 /* AndesUI DemoApp.app */;
			productType = "com.apple.product-type.application";
		};
		607FACE41AFB9204008FA782 /* AndesUI_Tests */ = {
			isa = PBXNativeTarget;
			buildConfigurationList = 607FACF21AFB9204008FA782 /* Build configuration list for PBXNativeTarget "AndesUI_Tests" */;
			buildPhases = (
				D7A3801640341DDAF45CD4EE /* [CP] Check Pods Manifest.lock */,
				607FACE11AFB9204008FA782 /* Sources */,
				607FACE21AFB9204008FA782 /* Frameworks */,
				607FACE31AFB9204008FA782 /* Resources */,
				805C603EC4975DE9C3504E60 /* [CP] Embed Pods Frameworks */,
			);
			buildRules = (
			);
			dependencies = (
				607FACE71AFB9204008FA782 /* PBXTargetDependency */,
			);
			name = AndesUI_Tests;
			productName = Tests;
			productReference = 607FACE51AFB9204008FA782 /* AndesUI_Tests.xctest */;
			productType = "com.apple.product-type.bundle.unit-test";
		};
/* End PBXNativeTarget section */

/* Begin PBXProject section */
		607FACC81AFB9204008FA782 /* Project object */ = {
			isa = PBXProject;
			attributes = {
				CLASSPREFIX = AndesUI;
				LastSwiftUpdateCheck = 0830;
				LastUpgradeCheck = 0830;
				ORGANIZATIONNAME = MercadoLibre;
				TargetAttributes = {
					607FACCF1AFB9204008FA782 = {
						DevelopmentTeam = T9VUHG6RU2;
						LastSwiftMigration = 1130;
					};
					607FACE41AFB9204008FA782 = {
						LastSwiftMigration = 0900;
						TestTargetID = 607FACCF1AFB9204008FA782;
					};
				};
			};
			buildConfigurationList = 607FACCB1AFB9204008FA782 /* Build configuration list for PBXProject "AndesUI" */;
			compatibilityVersion = "Xcode 3.2";
			developmentRegion = English;
			hasScannedForEncodings = 0;
			knownRegions = (
				English,
				en,
				Base,
			);
			mainGroup = 607FACC71AFB9204008FA782;
			productRefGroup = 607FACD11AFB9204008FA782 /* Products */;
			projectDirPath = "";
			projectRoot = "";
			targets = (
				607FACCF1AFB9204008FA782 /* AndesUI-demoapp */,
				607FACE41AFB9204008FA782 /* AndesUI_Tests */,
			);
		};
/* End PBXProject section */

/* Begin PBXResourcesBuildPhase section */
		607FACCE1AFB9204008FA782 /* Resources */ = {
			isa = PBXResourcesBuildPhase;
			buildActionMask = 2147483647;
			files = (
				6A186A6A23AC0FBB00420556 /* ButtonsViewController.xib in Resources */,
				9C9B5A9023ECEED40007234B /* WhatsNewViewController.xib in Resources */,
				9C9B5A9223ECF2120007234B /* CHANGELOG.md in Resources */,
				607FACE01AFB9204008FA782 /* LaunchScreen.xib in Resources */,
				9CE112DD23CE58910017B770 /* MessageViewController.xib in Resources */,
				9C2FFC6B23EDB1A50016292E /* whats_new.html in Resources */,
				9C2FFC6423EC4AFD0016292E /* AndesMessageShowcaseViewController.xib in Resources */,
				9C9B5A8823ECB08D0007234B /* Localizable.strings in Resources */,
				9CE112FD23D20B0E0017B770 /* MessageObjCViewController.xib in Resources */,
				6A3C9CFC23C692B6007D0C8B /* HomeViewController.xib in Resources */,
				607FACDD1AFB9204008FA782 /* Images.xcassets in Resources */,
				6A22DCC123C918EA00BBFEA0 /* AndesUIViewController.xib in Resources */,
			);
			runOnlyForDeploymentPostprocessing = 0;
		};
		607FACE31AFB9204008FA782 /* Resources */ = {
			isa = PBXResourcesBuildPhase;
			buildActionMask = 2147483647;
			files = (
			);
			runOnlyForDeploymentPostprocessing = 0;
		};
/* End PBXResourcesBuildPhase section */

/* Begin PBXShellScriptBuildPhase section */
		453F600E836526D661824E97 /* [CP] Check Pods Manifest.lock */ = {
			isa = PBXShellScriptBuildPhase;
			buildActionMask = 2147483647;
			files = (
			);
			inputFileListPaths = (
			);
			inputPaths = (
				"${PODS_PODFILE_DIR_PATH}/Podfile.lock",
				"${PODS_ROOT}/Manifest.lock",
			);
			name = "[CP] Check Pods Manifest.lock";
			outputFileListPaths = (
			);
			outputPaths = (
				"$(DERIVED_FILE_DIR)/Pods-AndesUI-demoapp-checkManifestLockResult.txt",
			);
			runOnlyForDeploymentPostprocessing = 0;
			shellPath = /bin/sh;
			shellScript = "diff \"${PODS_PODFILE_DIR_PATH}/Podfile.lock\" \"${PODS_ROOT}/Manifest.lock\" > /dev/null\nif [ $? != 0 ] ; then\n    # print error to STDERR\n    echo \"error: The sandbox is not in sync with the Podfile.lock. Run 'pod install' or update your CocoaPods installation.\" >&2\n    exit 1\nfi\n# This output is used by Xcode 'outputs' to avoid re-running this script phase.\necho \"SUCCESS\" > \"${SCRIPT_OUTPUT_FILE_0}\"\n";
			showEnvVarsInLog = 0;
		};
		5008422653241ED6B69D91D4 /* [CP] Embed Pods Frameworks */ = {
			isa = PBXShellScriptBuildPhase;
			buildActionMask = 2147483647;
			files = (
			);
			inputPaths = (
				"${PODS_ROOT}/Target Support Files/Pods-AndesUI-demoapp/Pods-AndesUI-demoapp-frameworks.sh",
				"${BUILT_PRODUCTS_DIR}/AndesUI/AndesUI.framework",
				"${BUILT_PRODUCTS_DIR}/IQKeyboardManagerSwift/IQKeyboardManagerSwift.framework",
			);
			name = "[CP] Embed Pods Frameworks";
			outputPaths = (
				"${TARGET_BUILD_DIR}/${FRAMEWORKS_FOLDER_PATH}/AndesUI.framework",
				"${TARGET_BUILD_DIR}/${FRAMEWORKS_FOLDER_PATH}/IQKeyboardManagerSwift.framework",
			);
			runOnlyForDeploymentPostprocessing = 0;
			shellPath = /bin/sh;
			shellScript = "\"${PODS_ROOT}/Target Support Files/Pods-AndesUI-demoapp/Pods-AndesUI-demoapp-frameworks.sh\"\n";
			showEnvVarsInLog = 0;
		};
		805C603EC4975DE9C3504E60 /* [CP] Embed Pods Frameworks */ = {
			isa = PBXShellScriptBuildPhase;
			buildActionMask = 2147483647;
			files = (
			);
			inputPaths = (
				"${PODS_ROOT}/Target Support Files/Pods-AndesUI_Tests/Pods-AndesUI_Tests-frameworks.sh",
				"${BUILT_PRODUCTS_DIR}/Nimble/Nimble.framework",
				"${BUILT_PRODUCTS_DIR}/Quick/Quick.framework",
			);
			name = "[CP] Embed Pods Frameworks";
			outputPaths = (
				"${TARGET_BUILD_DIR}/${FRAMEWORKS_FOLDER_PATH}/Nimble.framework",
				"${TARGET_BUILD_DIR}/${FRAMEWORKS_FOLDER_PATH}/Quick.framework",
			);
			runOnlyForDeploymentPostprocessing = 0;
			shellPath = /bin/sh;
			shellScript = "\"${PODS_ROOT}/Target Support Files/Pods-AndesUI_Tests/Pods-AndesUI_Tests-frameworks.sh\"\n";
			showEnvVarsInLog = 0;
		};
		D7A3801640341DDAF45CD4EE /* [CP] Check Pods Manifest.lock */ = {
			isa = PBXShellScriptBuildPhase;
			buildActionMask = 2147483647;
			files = (
			);
			inputFileListPaths = (
			);
			inputPaths = (
				"${PODS_PODFILE_DIR_PATH}/Podfile.lock",
				"${PODS_ROOT}/Manifest.lock",
			);
			name = "[CP] Check Pods Manifest.lock";
			outputFileListPaths = (
			);
			outputPaths = (
				"$(DERIVED_FILE_DIR)/Pods-AndesUI_Tests-checkManifestLockResult.txt",
			);
			runOnlyForDeploymentPostprocessing = 0;
			shellPath = /bin/sh;
			shellScript = "diff \"${PODS_PODFILE_DIR_PATH}/Podfile.lock\" \"${PODS_ROOT}/Manifest.lock\" > /dev/null\nif [ $? != 0 ] ; then\n    # print error to STDERR\n    echo \"error: The sandbox is not in sync with the Podfile.lock. Run 'pod install' or update your CocoaPods installation.\" >&2\n    exit 1\nfi\n# This output is used by Xcode 'outputs' to avoid re-running this script phase.\necho \"SUCCESS\" > \"${SCRIPT_OUTPUT_FILE_0}\"\n";
			showEnvVarsInLog = 0;
		};
/* End PBXShellScriptBuildPhase section */

/* Begin PBXSourcesBuildPhase section */
		607FACCC1AFB9204008FA782 /* Sources */ = {
			isa = PBXSourcesBuildPhase;
			buildActionMask = 2147483647;
			files = (
				9CD1071D23EDF3A90081232D /* UIView+Additions.swift in Sources */,
				57F34E9E2225DE0900454D8B /* AndesUIAppDelegate.swift in Sources */,
				6A3C9CFA23C692B6007D0C8B /* HomeRouter.swift in Sources */,
				9CE112DB23CE587B0017B770 /* MessageViewController.swift in Sources */,
				9C9B5A8F23ECEED40007234B /* WhatsNewViewController.swift in Sources */,
				6A3C9CFD23C692B6007D0C8B /* HomeViewController.swift in Sources */,
				6A186A6923AC0FBB00420556 /* ButtonsViewController.swift in Sources */,
				9CE1130223D20BF40017B770 /* MessageObjCViewController.m in Sources */,
				9CD1072B23F1E7AB0081232D /* MessagesRouter.swift in Sources */,
				9CD1072123F1B0EE0081232D /* TextViewAlertViewController.swift in Sources */,
				9C9B5A8C23ECEEBE0007234B /* WhatsNewRouter.swift in Sources */,
				6A22DCC023C918EA00BBFEA0 /* AndesUIViewController.m in Sources */,
				6A186A6823AC0FBB00420556 /* ButtonsRouter.swift in Sources */,
				6A3C9CFB23C692B6007D0C8B /* HomePresenter.swift in Sources */,
				9C9B5A8123ECADB80007234B /* String+Additions.swift in Sources */,
				9C2FFC6323EC4AFD0016292E /* AndesMessageShowcaseViewController.swift in Sources */,
			);
			runOnlyForDeploymentPostprocessing = 0;
		};
		607FACE11AFB9204008FA782 /* Sources */ = {
			isa = PBXSourcesBuildPhase;
			buildActionMask = 2147483647;
			files = (
				9CAD81E923FD66ED00D43EB9 /* AndesIconsManagerTests.swift in Sources */,
				E615508A23D619E300417B5F /* AndesButtonTests.swift in Sources */,
				607FACEC1AFB9204008FA782 /* AndesStyleSheetTests.swift in Sources */,
				9CE112F123D1E14B0017B770 /* AndesMessageTests.swift in Sources */,
			);
			runOnlyForDeploymentPostprocessing = 0;
		};
/* End PBXSourcesBuildPhase section */

/* Begin PBXTargetDependency section */
		607FACE71AFB9204008FA782 /* PBXTargetDependency */ = {
			isa = PBXTargetDependency;
			target = 607FACCF1AFB9204008FA782 /* AndesUI-demoapp */;
			targetProxy = 607FACE61AFB9204008FA782 /* PBXContainerItemProxy */;
		};
/* End PBXTargetDependency section */

/* Begin PBXVariantGroup section */
		607FACDE1AFB9204008FA782 /* LaunchScreen.xib */ = {
			isa = PBXVariantGroup;
			children = (
				607FACDF1AFB9204008FA782 /* Base */,
			);
			name = LaunchScreen.xib;
			sourceTree = "<group>";
		};
/* End PBXVariantGroup section */

/* Begin XCBuildConfiguration section */
		607FACED1AFB9204008FA782 /* Debug */ = {
			isa = XCBuildConfiguration;
			buildSettings = {
				ALWAYS_EMBED_SWIFT_STANDARD_LIBRARIES = YES;
				ALWAYS_SEARCH_USER_PATHS = NO;
				CLANG_CXX_LANGUAGE_STANDARD = "gnu++0x";
				CLANG_CXX_LIBRARY = "libc++";
				CLANG_ENABLE_MODULES = YES;
				CLANG_ENABLE_OBJC_ARC = YES;
				CLANG_WARN_BLOCK_CAPTURE_AUTORELEASING = YES;
				CLANG_WARN_BOOL_CONVERSION = YES;
				CLANG_WARN_COMMA = YES;
				CLANG_WARN_CONSTANT_CONVERSION = YES;
				CLANG_WARN_DIRECT_OBJC_ISA_USAGE = YES_ERROR;
				CLANG_WARN_EMPTY_BODY = YES;
				CLANG_WARN_ENUM_CONVERSION = YES;
				CLANG_WARN_INFINITE_RECURSION = YES;
				CLANG_WARN_INT_CONVERSION = YES;
				CLANG_WARN_NON_LITERAL_NULL_CONVERSION = YES;
				CLANG_WARN_OBJC_LITERAL_CONVERSION = YES;
				CLANG_WARN_OBJC_ROOT_CLASS = YES_ERROR;
				CLANG_WARN_RANGE_LOOP_ANALYSIS = YES;
				CLANG_WARN_STRICT_PROTOTYPES = YES;
				CLANG_WARN_SUSPICIOUS_MOVE = YES;
				CLANG_WARN_UNREACHABLE_CODE = YES;
				CLANG_WARN__DUPLICATE_METHOD_MATCH = YES;
				"CODE_SIGN_IDENTITY[sdk=iphoneos*]" = "iPhone Developer";
				COPY_PHASE_STRIP = NO;
				DEBUG_INFORMATION_FORMAT = "dwarf-with-dsym";
				ENABLE_STRICT_OBJC_MSGSEND = YES;
				ENABLE_TESTABILITY = YES;
				GCC_C_LANGUAGE_STANDARD = gnu99;
				GCC_DYNAMIC_NO_PIC = NO;
				GCC_NO_COMMON_BLOCKS = YES;
				GCC_OPTIMIZATION_LEVEL = 0;
				GCC_PREPROCESSOR_DEFINITIONS = (
					"DEBUG=1",
					"$(inherited)",
				);
				GCC_SYMBOLS_PRIVATE_EXTERN = NO;
				GCC_WARN_64_TO_32_BIT_CONVERSION = YES;
				GCC_WARN_ABOUT_RETURN_TYPE = YES_ERROR;
				GCC_WARN_UNDECLARED_SELECTOR = YES;
				GCC_WARN_UNINITIALIZED_AUTOS = YES_AGGRESSIVE;
				GCC_WARN_UNUSED_FUNCTION = YES;
				GCC_WARN_UNUSED_VARIABLE = YES;
				IPHONEOS_DEPLOYMENT_TARGET = 10.0;
				MTL_ENABLE_DEBUG_INFO = YES;
				ONLY_ACTIVE_ARCH = YES;
				SDKROOT = iphoneos;
				SWIFT_OPTIMIZATION_LEVEL = "-Onone";
			};
			name = Debug;
		};
		607FACEE1AFB9204008FA782 /* Release */ = {
			isa = XCBuildConfiguration;
			buildSettings = {
				ALWAYS_EMBED_SWIFT_STANDARD_LIBRARIES = YES;
				ALWAYS_SEARCH_USER_PATHS = NO;
				CLANG_CXX_LANGUAGE_STANDARD = "gnu++0x";
				CLANG_CXX_LIBRARY = "libc++";
				CLANG_ENABLE_MODULES = YES;
				CLANG_ENABLE_OBJC_ARC = YES;
				CLANG_WARN_BLOCK_CAPTURE_AUTORELEASING = YES;
				CLANG_WARN_BOOL_CONVERSION = YES;
				CLANG_WARN_COMMA = YES;
				CLANG_WARN_CONSTANT_CONVERSION = YES;
				CLANG_WARN_DIRECT_OBJC_ISA_USAGE = YES_ERROR;
				CLANG_WARN_EMPTY_BODY = YES;
				CLANG_WARN_ENUM_CONVERSION = YES;
				CLANG_WARN_INFINITE_RECURSION = YES;
				CLANG_WARN_INT_CONVERSION = YES;
				CLANG_WARN_NON_LITERAL_NULL_CONVERSION = YES;
				CLANG_WARN_OBJC_LITERAL_CONVERSION = YES;
				CLANG_WARN_OBJC_ROOT_CLASS = YES_ERROR;
				CLANG_WARN_RANGE_LOOP_ANALYSIS = YES;
				CLANG_WARN_STRICT_PROTOTYPES = YES;
				CLANG_WARN_SUSPICIOUS_MOVE = YES;
				CLANG_WARN_UNREACHABLE_CODE = YES;
				CLANG_WARN__DUPLICATE_METHOD_MATCH = YES;
				"CODE_SIGN_IDENTITY[sdk=iphoneos*]" = "iPhone Developer";
				COPY_PHASE_STRIP = NO;
				DEBUG_INFORMATION_FORMAT = "dwarf-with-dsym";
				ENABLE_NS_ASSERTIONS = NO;
				ENABLE_STRICT_OBJC_MSGSEND = YES;
				GCC_C_LANGUAGE_STANDARD = gnu99;
				GCC_NO_COMMON_BLOCKS = YES;
				GCC_WARN_64_TO_32_BIT_CONVERSION = YES;
				GCC_WARN_ABOUT_RETURN_TYPE = YES_ERROR;
				GCC_WARN_UNDECLARED_SELECTOR = YES;
				GCC_WARN_UNINITIALIZED_AUTOS = YES_AGGRESSIVE;
				GCC_WARN_UNUSED_FUNCTION = YES;
				GCC_WARN_UNUSED_VARIABLE = YES;
				IPHONEOS_DEPLOYMENT_TARGET = 10.0;
				MTL_ENABLE_DEBUG_INFO = NO;
				SDKROOT = iphoneos;
				SWIFT_OPTIMIZATION_LEVEL = "-Owholemodule";
				VALIDATE_PRODUCT = YES;
			};
			name = Release;
		};
		607FACF01AFB9204008FA782 /* Debug */ = {
			isa = XCBuildConfiguration;
			baseConfigurationReference = BC0D9ABDAB73DD9E91B5822B /* Pods-AndesUI-demoapp.debug.xcconfig */;
			buildSettings = {
				ASSETCATALOG_COMPILER_APPICON_NAME = AppIcon;
				CLANG_ENABLE_MODULES = YES;
				DEVELOPMENT_TEAM = T9VUHG6RU2;
				INFOPLIST_FILE = "AndesUI/AndesUI-Info.plist";
				LD_RUNPATH_SEARCH_PATHS = "$(inherited) @executable_path/Frameworks";
				LIBRARY_SEARCH_PATHS = "$(TOOLCHAIN_DIR)/usr/lib/swift/$(PLATFORM_NAME)";
				MODULE_NAME = ExampleApp;
				PRODUCT_BUNDLE_IDENTIFIER = com.mercadolibre.andesui;
				PRODUCT_NAME = "AndesUI DemoApp";
				SWIFT_OBJC_BRIDGING_HEADER = "AndesUI/AndesUI-demoapp-Bridging-Header.h";
				SWIFT_OPTIMIZATION_LEVEL = "-Onone";
				SWIFT_SWIFT3_OBJC_INFERENCE = Default;
				SWIFT_VERSION = 4.0;
			};
			name = Debug;
		};
		607FACF11AFB9204008FA782 /* Release */ = {
			isa = XCBuildConfiguration;
			baseConfigurationReference = 32754AD251878600F6E4BBEA /* Pods-AndesUI-demoapp.release.xcconfig */;
			buildSettings = {
				ASSETCATALOG_COMPILER_APPICON_NAME = AppIcon;
				CLANG_ENABLE_MODULES = YES;
				DEVELOPMENT_TEAM = T9VUHG6RU2;
				INFOPLIST_FILE = "AndesUI/AndesUI-Info.plist";
				LD_RUNPATH_SEARCH_PATHS = "$(inherited) @executable_path/Frameworks";
				LIBRARY_SEARCH_PATHS = "$(TOOLCHAIN_DIR)/usr/lib/swift/$(PLATFORM_NAME)";
				MODULE_NAME = ExampleApp;
				PRODUCT_BUNDLE_IDENTIFIER = com.mercadolibre.andesui;
				PRODUCT_NAME = "AndesUI DemoApp";
				SWIFT_OBJC_BRIDGING_HEADER = "AndesUI/AndesUI-demoapp-Bridging-Header.h";
				SWIFT_SWIFT3_OBJC_INFERENCE = Default;
				SWIFT_VERSION = 4.0;
			};
			name = Release;
		};
		607FACF31AFB9204008FA782 /* Debug */ = {
			isa = XCBuildConfiguration;
			baseConfigurationReference = AED375013FCB672078A2F194 /* Pods-AndesUI_Tests.debug.xcconfig */;
			buildSettings = {
				ALWAYS_EMBED_SWIFT_STANDARD_LIBRARIES = YES;
				FRAMEWORK_SEARCH_PATHS = (
					"$(SDKROOT)/Developer/Library/Frameworks",
					"$(inherited)",
				);
				GCC_PREPROCESSOR_DEFINITIONS = (
					"DEBUG=1",
					"$(inherited)",
				);
				INFOPLIST_FILE = Tests/Info.plist;
				LD_RUNPATH_SEARCH_PATHS = "$(inherited) @executable_path/Frameworks @loader_path/Frameworks";
				LIBRARY_SEARCH_PATHS = "$(TOOLCHAIN_DIR)/usr/lib/swift/$(PLATFORM_NAME)";
				PRODUCT_BUNDLE_IDENTIFIER = "com.mercadolibre.$(PRODUCT_NAME:rfc1034identifier)";
				PRODUCT_NAME = "$(TARGET_NAME)";
				SWIFT_SWIFT3_OBJC_INFERENCE = Default;
				SWIFT_VERSION = 4.0;
				TEST_HOST = "$(BUILT_PRODUCTS_DIR)/AndesUI DemoApp.app/AndesUI DemoApp";
			};
			name = Debug;
		};
		607FACF41AFB9204008FA782 /* Release */ = {
			isa = XCBuildConfiguration;
			baseConfigurationReference = 47FD3A5678D14009C0E97628 /* Pods-AndesUI_Tests.release.xcconfig */;
			buildSettings = {
				ALWAYS_EMBED_SWIFT_STANDARD_LIBRARIES = YES;
				FRAMEWORK_SEARCH_PATHS = (
					"$(SDKROOT)/Developer/Library/Frameworks",
					"$(inherited)",
				);
				INFOPLIST_FILE = Tests/Info.plist;
				LD_RUNPATH_SEARCH_PATHS = "$(inherited) @executable_path/Frameworks @loader_path/Frameworks";
				LIBRARY_SEARCH_PATHS = "$(TOOLCHAIN_DIR)/usr/lib/swift/$(PLATFORM_NAME)";
				PRODUCT_BUNDLE_IDENTIFIER = "com.mercadolibre.$(PRODUCT_NAME:rfc1034identifier)";
				PRODUCT_NAME = "$(TARGET_NAME)";
				SWIFT_SWIFT3_OBJC_INFERENCE = Default;
				SWIFT_VERSION = 4.0;
				TEST_HOST = "$(BUILT_PRODUCTS_DIR)/AndesUI DemoApp.app/AndesUI DemoApp";
			};
			name = Release;
		};
/* End XCBuildConfiguration section */

/* Begin XCConfigurationList section */
		607FACCB1AFB9204008FA782 /* Build configuration list for PBXProject "AndesUI" */ = {
			isa = XCConfigurationList;
			buildConfigurations = (
				607FACED1AFB9204008FA782 /* Debug */,
				607FACEE1AFB9204008FA782 /* Release */,
			);
			defaultConfigurationIsVisible = 0;
			defaultConfigurationName = Release;
		};
		607FACEF1AFB9204008FA782 /* Build configuration list for PBXNativeTarget "AndesUI-demoapp" */ = {
			isa = XCConfigurationList;
			buildConfigurations = (
				607FACF01AFB9204008FA782 /* Debug */,
				607FACF11AFB9204008FA782 /* Release */,
			);
			defaultConfigurationIsVisible = 0;
			defaultConfigurationName = Release;
		};
		607FACF21AFB9204008FA782 /* Build configuration list for PBXNativeTarget "AndesUI_Tests" */ = {
			isa = XCConfigurationList;
			buildConfigurations = (
				607FACF31AFB9204008FA782 /* Debug */,
				607FACF41AFB9204008FA782 /* Release */,
			);
			defaultConfigurationIsVisible = 0;
			defaultConfigurationName = Release;
		};
/* End XCConfigurationList section */
	};
	rootObject = 607FACC81AFB9204008FA782 /* Project object */;
}
