// !$*UTF8*$!
{
	archiveVersion = 1;
	classes = {
	};
	objectVersion = 46;
	objects = {

/* Begin PBXBuildFile section */
		023ADCE324ACC2930076C3F3 /* ThumbnailRouter.swift in Sources */ = {isa = PBXBuildFile; fileRef = 023ADCE224ACC2930076C3F3 /* ThumbnailRouter.swift */; };
		023ADCE724ACD1560076C3F3 /* ThumbnailViewController.swift in Sources */ = {isa = PBXBuildFile; fileRef = 023ADCE524ACD1560076C3F3 /* ThumbnailViewController.swift */; };
		023ADCE824ACD1570076C3F3 /* ThumbnailViewController.xib in Resources */ = {isa = PBXBuildFile; fileRef = 023ADCE624ACD1560076C3F3 /* ThumbnailViewController.xib */; };
		023ADCEC24ACD4050076C3F3 /* ThumbnailObjCViewController.m in Sources */ = {isa = PBXBuildFile; fileRef = 023ADCEA24ACD4050076C3F3 /* ThumbnailObjCViewController.m */; };
		023ADCED24ACD4050076C3F3 /* ThumbnailObjCViewController.xib in Resources */ = {isa = PBXBuildFile; fileRef = 023ADCEB24ACD4050076C3F3 /* ThumbnailObjCViewController.xib */; };
		02683A5B24B36E1000C3FD9A /* AndesThumbnailTests.swift in Sources */ = {isa = PBXBuildFile; fileRef = 02683A5A24B36E1000C3FD9A /* AndesThumbnailTests.swift */; };
		57F34E9E2225DE0900454D8B /* AndesUIAppDelegate.swift in Sources */ = {isa = PBXBuildFile; fileRef = 57F34E912225DE0900454D8B /* AndesUIAppDelegate.swift */; };
		607FACDD1AFB9204008FA782 /* Images.xcassets in Resources */ = {isa = PBXBuildFile; fileRef = 607FACDC1AFB9204008FA782 /* Images.xcassets */; };
		607FACE01AFB9204008FA782 /* LaunchScreen.xib in Resources */ = {isa = PBXBuildFile; fileRef = 607FACDE1AFB9204008FA782 /* LaunchScreen.xib */; };
		607FACEC1AFB9204008FA782 /* AndesStyleSheetTests.swift in Sources */ = {isa = PBXBuildFile; fileRef = 607FACEB1AFB9204008FA782 /* AndesStyleSheetTests.swift */; };
		6A186A6823AC0FBB00420556 /* ButtonsRouter.swift in Sources */ = {isa = PBXBuildFile; fileRef = 6A186A6423AC0FBB00420556 /* ButtonsRouter.swift */; };
		6A186A6923AC0FBB00420556 /* ButtonsViewController.swift in Sources */ = {isa = PBXBuildFile; fileRef = 6A186A6623AC0FBB00420556 /* ButtonsViewController.swift */; };
		6A186A6A23AC0FBB00420556 /* ButtonsViewController.xib in Resources */ = {isa = PBXBuildFile; fileRef = 6A186A6723AC0FBB00420556 /* ButtonsViewController.xib */; };
		6A22DCC023C918EA00BBFEA0 /* AndesUIViewController.m in Sources */ = {isa = PBXBuildFile; fileRef = 6A22DCBE23C918EA00BBFEA0 /* AndesUIViewController.m */; };
		6A22DCC123C918EA00BBFEA0 /* AndesUIViewController.xib in Resources */ = {isa = PBXBuildFile; fileRef = 6A22DCBF23C918EA00BBFEA0 /* AndesUIViewController.xib */; };
		6A3C9CFA23C692B6007D0C8B /* HomeRouter.swift in Sources */ = {isa = PBXBuildFile; fileRef = 6A3C9CF423C692B6007D0C8B /* HomeRouter.swift */; };
		6A3C9CFB23C692B6007D0C8B /* HomePresenter.swift in Sources */ = {isa = PBXBuildFile; fileRef = 6A3C9CF623C692B6007D0C8B /* HomePresenter.swift */; };
		6A3C9CFC23C692B6007D0C8B /* HomeViewController.xib in Resources */ = {isa = PBXBuildFile; fileRef = 6A3C9CF823C692B6007D0C8B /* HomeViewController.xib */; };
		6A3C9CFD23C692B6007D0C8B /* HomeViewController.swift in Sources */ = {isa = PBXBuildFile; fileRef = 6A3C9CF923C692B6007D0C8B /* HomeViewController.swift */; };
		6D2152E9241BCC65001CEA8D /* TextFieldsRouter.swift in Sources */ = {isa = PBXBuildFile; fileRef = 6D2152E8241BCC65001CEA8D /* TextFieldsRouter.swift */; };
		6D2152EC241BCD0E001CEA8D /* AndesShowcasePageViewController.swift in Sources */ = {isa = PBXBuildFile; fileRef = 6D2152EB241BCD0E001CEA8D /* AndesShowcasePageViewController.swift */; };
		6D2152EE241BD83C001CEA8D /* TextFieldViewController.swift in Sources */ = {isa = PBXBuildFile; fileRef = 6D2152ED241BD83C001CEA8D /* TextFieldViewController.swift */; };
		6D2152F3241C080C001CEA8D /* TextFieldObjCViewController.m in Sources */ = {isa = PBXBuildFile; fileRef = 6D2152F2241C080C001CEA8D /* TextFieldObjCViewController.m */; };
		6D2152F9241C1210001CEA8D /* TextFieldViewController.xib in Resources */ = {isa = PBXBuildFile; fileRef = 6D2152F8241C1210001CEA8D /* TextFieldViewController.xib */; };
		6DBB66002436423200FA9581 /* AndesTextFieldTests.swift in Sources */ = {isa = PBXBuildFile; fileRef = 6DBB65FF2436423200FA9581 /* AndesTextFieldTests.swift */; };
		8617BD172499B5860071319C /* SnackbarRouter.swift in Sources */ = {isa = PBXBuildFile; fileRef = 8617BD162499B5860071319C /* SnackbarRouter.swift */; };
		8617BD1F2499B6570071319C /* SnackbarViewController.swift in Sources */ = {isa = PBXBuildFile; fileRef = 8617BD1D2499B6570071319C /* SnackbarViewController.swift */; };
		8617BD202499B6570071319C /* SnackbarViewController.xib in Resources */ = {isa = PBXBuildFile; fileRef = 8617BD1E2499B6570071319C /* SnackbarViewController.xib */; };
		8634C9DC24A6334000DB7B9F /* AndesSnackbarTests.swift in Sources */ = {isa = PBXBuildFile; fileRef = 8634C9DA24A6330E00DB7B9F /* AndesSnackbarTests.swift */; };
		8634C9E124A650B900DB7B9F /* AndeSnackbarManagerTests.swift in Sources */ = {isa = PBXBuildFile; fileRef = 8634C9DD24A6508B00DB7B9F /* AndeSnackbarManagerTests.swift */; };
		8634C9E824AB774700DB7B9F /* SnackbarObjCViewController.m in Sources */ = {isa = PBXBuildFile; fileRef = 8634C9E624AB774700DB7B9F /* SnackbarObjCViewController.m */; };
		8634C9E924AB774700DB7B9F /* SnackbarObjCViewController.xib in Resources */ = {isa = PBXBuildFile; fileRef = 8634C9E724AB774700DB7B9F /* SnackbarObjCViewController.xib */; };
		86A1E3042481599500B59D1D /* TagRouter.swift in Sources */ = {isa = PBXBuildFile; fileRef = 86A1E3032481599500B59D1D /* TagRouter.swift */; };
		86A1E30824815A1700B59D1D /* AndesTagShowcaseViewController.swift in Sources */ = {isa = PBXBuildFile; fileRef = 86A1E30624815A1700B59D1D /* AndesTagShowcaseViewController.swift */; };
		86A1E30924815A1700B59D1D /* AndesTagShowcaseViewController.xib in Resources */ = {isa = PBXBuildFile; fileRef = 86A1E30724815A1700B59D1D /* AndesTagShowcaseViewController.xib */; };
		86A1E30C24815CBA00B59D1D /* TagViewController.swift in Sources */ = {isa = PBXBuildFile; fileRef = 86A1E30A24815CBA00B59D1D /* TagViewController.swift */; };
		86A1E30D24815CBA00B59D1D /* TagViewController.xib in Resources */ = {isa = PBXBuildFile; fileRef = 86A1E30B24815CBA00B59D1D /* TagViewController.xib */; };
		86A1E3112481E56300B59D1D /* TagObjCViewController.m in Sources */ = {isa = PBXBuildFile; fileRef = 86A1E30F2481E56300B59D1D /* TagObjCViewController.m */; };
		86A1E3122481E56300B59D1D /* TagObjCViewController.xib in Resources */ = {isa = PBXBuildFile; fileRef = 86A1E3102481E56300B59D1D /* TagObjCViewController.xib */; };
		86D656B5248FF79500E62C1E /* AndesDemoColor.swift in Sources */ = {isa = PBXBuildFile; fileRef = 86D656B4248FF79500E62C1E /* AndesDemoColor.swift */; };
		86E0A35D2493BDA9003D338C /* AndesTagSimpleTests.swift in Sources */ = {isa = PBXBuildFile; fileRef = 86E0A35C2493BDA9003D338C /* AndesTagSimpleTests.swift */; };
		86E0A4C2249415CE003D338C /* UITestTag.swift in Sources */ = {isa = PBXBuildFile; fileRef = 86E0A4C1249415CE003D338C /* UITestTag.swift */; };
		8E8003ECE65A826F4A27FC6D /* Pods_AndesUI_demoapp.framework in Frameworks */ = {isa = PBXBuildFile; fileRef = 748830979405998C25BF67E4 /* Pods_AndesUI_demoapp.framework */; };
		90530B07242BF9ED005E056A /* BadgesRouter.swift in Sources */ = {isa = PBXBuildFile; fileRef = 90530B06242BF9ED005E056A /* BadgesRouter.swift */; };
		90530B0B242BFAA7005E056A /* AndesBadgeShowcaseViewController.swift in Sources */ = {isa = PBXBuildFile; fileRef = 90530B09242BFAA7005E056A /* AndesBadgeShowcaseViewController.swift */; };
		90530B0C242BFAA7005E056A /* AndesBadgeShowcaseViewController.xib in Resources */ = {isa = PBXBuildFile; fileRef = 90530B0A242BFAA7005E056A /* AndesBadgeShowcaseViewController.xib */; };
		90530B11242BFD15005E056A /* BadgeViewController.swift in Sources */ = {isa = PBXBuildFile; fileRef = 90530B0F242BFD15005E056A /* BadgeViewController.swift */; };
		90530B12242BFD15005E056A /* BadgeViewController.xib in Resources */ = {isa = PBXBuildFile; fileRef = 90530B10242BFD15005E056A /* BadgeViewController.xib */; };
		90F4781F243534F0001CEC90 /* BadgeObjCViewController.m in Sources */ = {isa = PBXBuildFile; fileRef = 90F4781D243534F0001CEC90 /* BadgeObjCViewController.m */; };
		90F47820243534F0001CEC90 /* BadgeObjCViewController.xib in Resources */ = {isa = PBXBuildFile; fileRef = 90F4781E243534F0001CEC90 /* BadgeObjCViewController.xib */; };
		90F4782224363A8F001CEC90 /* AndesBadgeTests.swift in Sources */ = {isa = PBXBuildFile; fileRef = 90F4782124363A8F001CEC90 /* AndesBadgeTests.swift */; };
		9C2FFC6B23EDB1A50016292E /* whats_new.html in Resources */ = {isa = PBXBuildFile; fileRef = 9C2FFC6A23EDB1A50016292E /* whats_new.html */; };
		9C592C0B2450A6B70038785E /* AndesTextAreaTests.swift in Sources */ = {isa = PBXBuildFile; fileRef = 9C592C092450A6B70038785E /* AndesTextAreaTests.swift */; };
		9C592C0C2450A6B70038785E /* AndesTextFieldSideComponentTests.swift in Sources */ = {isa = PBXBuildFile; fileRef = 9C592C0A2450A6B70038785E /* AndesTextFieldSideComponentTests.swift */; };
		9C592C0E2450A6BD0038785E /* AndesEnumStringConvertibleTests.swift in Sources */ = {isa = PBXBuildFile; fileRef = 9C592C0D2450A6BD0038785E /* AndesEnumStringConvertibleTests.swift */; };
		9C9B5A8123ECADB80007234B /* String+Additions.swift in Sources */ = {isa = PBXBuildFile; fileRef = 9C9B5A8023ECADB80007234B /* String+Additions.swift */; };
		9C9B5A8823ECB08D0007234B /* Localizable.strings in Resources */ = {isa = PBXBuildFile; fileRef = 9C9B5A8723ECB08D0007234B /* Localizable.strings */; };
		9C9B5A8C23ECEEBE0007234B /* WhatsNewRouter.swift in Sources */ = {isa = PBXBuildFile; fileRef = 9C9B5A8B23ECEEBE0007234B /* WhatsNewRouter.swift */; };
		9C9B5A8F23ECEED40007234B /* WhatsNewViewController.swift in Sources */ = {isa = PBXBuildFile; fileRef = 9C9B5A8D23ECEED40007234B /* WhatsNewViewController.swift */; };
		9C9B5A9023ECEED40007234B /* WhatsNewViewController.xib in Resources */ = {isa = PBXBuildFile; fileRef = 9C9B5A8E23ECEED40007234B /* WhatsNewViewController.xib */; };
		9C9B5A9223ECF2120007234B /* CHANGELOG.md in Resources */ = {isa = PBXBuildFile; fileRef = 9C9B5A9123ECF2120007234B /* CHANGELOG.md */; };
		9CA2881124475DE700E299C3 /* TextAreaViewController.swift in Sources */ = {isa = PBXBuildFile; fileRef = 9CA2881024475DE700E299C3 /* TextAreaViewController.swift */; };
		9CA28813244761F200E299C3 /* TextAreaViewController.xib in Resources */ = {isa = PBXBuildFile; fileRef = 9CA28812244761F200E299C3 /* TextAreaViewController.xib */; };
		9CA28815244768C400E299C3 /* TextFieldObjCViewController.xib in Resources */ = {isa = PBXBuildFile; fileRef = 9CA28814244768C400E299C3 /* TextFieldObjCViewController.xib */; };
		9CAD81E923FD66ED00D43EB9 /* AndesIconsProviderTests.swift in Sources */ = {isa = PBXBuildFile; fileRef = 9CAD81E723FD62C900D43EB9 /* AndesIconsProviderTests.swift */; };
		9CB172942422518C00B61431 /* AndesShowcasePageViewController.xib in Resources */ = {isa = PBXBuildFile; fileRef = 9CB172932422518C00B61431 /* AndesShowcasePageViewController.xib */; };
		9CD1071D23EDF3A90081232D /* UIView+Additions.swift in Sources */ = {isa = PBXBuildFile; fileRef = 9CD1071C23EDF3A90081232D /* UIView+Additions.swift */; };
		9CD1072B23F1E7AB0081232D /* MessagesRouter.swift in Sources */ = {isa = PBXBuildFile; fileRef = 9CD1072A23F1E7AB0081232D /* MessagesRouter.swift */; };
		9CE112DB23CE587B0017B770 /* MessageViewController.swift in Sources */ = {isa = PBXBuildFile; fileRef = 9CE112DA23CE587B0017B770 /* MessageViewController.swift */; };
		9CE112DD23CE58910017B770 /* MessageViewController.xib in Resources */ = {isa = PBXBuildFile; fileRef = 9CE112DC23CE58910017B770 /* MessageViewController.xib */; };
		9CE112F123D1E14B0017B770 /* AndesMessageTests.swift in Sources */ = {isa = PBXBuildFile; fileRef = 9CE112EF23D1DE0A0017B770 /* AndesMessageTests.swift */; };
		9CE112FD23D20B0E0017B770 /* MessageObjCViewController.xib in Resources */ = {isa = PBXBuildFile; fileRef = 9CE112FC23D20B0E0017B770 /* MessageObjCViewController.xib */; };
		9CE1130223D20BF40017B770 /* MessageObjCViewController.m in Sources */ = {isa = PBXBuildFile; fileRef = 9CE1130123D20BF40017B770 /* MessageObjCViewController.m */; };
		9CF562D524589338008AD504 /* UITestButtons.swift in Sources */ = {isa = PBXBuildFile; fileRef = 9CF562B92458763D008AD504 /* UITestButtons.swift */; };
		9CF562D624589338008AD504 /* SnapshotHelper.swift in Sources */ = {isa = PBXBuildFile; fileRef = 9CF562C324588C60008AD504 /* SnapshotHelper.swift */; };
		9CF562DA24589A8B008AD504 /* UITestMessage.swift in Sources */ = {isa = PBXBuildFile; fileRef = 9CF562D924589A8B008AD504 /* UITestMessage.swift */; };
		9CF562E22459F9B3008AD504 /* UITextField.swift in Sources */ = {isa = PBXBuildFile; fileRef = 9CF562E12459F9B3008AD504 /* UITextField.swift */; };
		9CF562E4245A082C008AD504 /* UITestBadge.swift in Sources */ = {isa = PBXBuildFile; fileRef = 9CF562E3245A082C008AD504 /* UITestBadge.swift */; };
		E5306024ED10F08F50962867 /* Pods_AndesUI_Tests.framework in Frameworks */ = {isa = PBXBuildFile; fileRef = 49891841870D889A9CDC91E2 /* Pods_AndesUI_Tests.framework */; };
		E615508A23D619E300417B5F /* AndesButtonTests.swift in Sources */ = {isa = PBXBuildFile; fileRef = E615508823D6196C00417B5F /* AndesButtonTests.swift */; };
		F8249D0524ABC9AD002A6456 /* RadioButtonRouter.swift in Sources */ = {isa = PBXBuildFile; fileRef = F8249D0424ABC9AD002A6456 /* RadioButtonRouter.swift */; };
		F8249D0824ABCA4E002A6456 /* AndesRadioButtonViewController.swift in Sources */ = {isa = PBXBuildFile; fileRef = F8249D0724ABCA4E002A6456 /* AndesRadioButtonViewController.swift */; };
		F8249D0A24ABCAC8002A6456 /* AndesRadioButtonViewController.xib in Resources */ = {isa = PBXBuildFile; fileRef = F8249D0924ABCAC8002A6456 /* AndesRadioButtonViewController.xib */; };
		F830F883249400020043D5AF /* CheckboxRouter.swift in Sources */ = {isa = PBXBuildFile; fileRef = F830F882249400020043D5AF /* CheckboxRouter.swift */; };
		F830F885249400760043D5AF /* AndesCheckboxViewController.swift in Sources */ = {isa = PBXBuildFile; fileRef = F830F884249400760043D5AF /* AndesCheckboxViewController.swift */; };
		F830F8872494127C0043D5AF /* AndesCheckboxViewController.xib in Resources */ = {isa = PBXBuildFile; fileRef = F830F8862494127C0043D5AF /* AndesCheckboxViewController.xib */; };
		F85E051E24AF68150059C6FA /* RadioButtonObjCViewController.m in Sources */ = {isa = PBXBuildFile; fileRef = F85E051D24AF68150059C6FA /* RadioButtonObjCViewController.m */; };
		F85E052024AF69B20059C6FA /* RadioButtonObjCViewController.xib in Resources */ = {isa = PBXBuildFile; fileRef = F85E051F24AF69B20059C6FA /* RadioButtonObjCViewController.xib */; };
		F85E052324AF79900059C6FA /* AndesRadioButtonTest.swift in Sources */ = {isa = PBXBuildFile; fileRef = F85E052124AF756B0059C6FA /* AndesRadioButtonTest.swift */; };
		F899354124A0DA98004BC82D /* AndesCheckboxShowcaseViewController.swift in Sources */ = {isa = PBXBuildFile; fileRef = F899354024A0DA98004BC82D /* AndesCheckboxShowcaseViewController.swift */; };
		F899354324A0DADB004BC82D /* AndesCheckboxShowcaseViewController.xib in Resources */ = {isa = PBXBuildFile; fileRef = F899354224A0DADB004BC82D /* AndesCheckboxShowcaseViewController.xib */; };
		F899354524A0EC7B004BC82D /* CheckboxObjCViewController.m in Sources */ = {isa = PBXBuildFile; fileRef = F899354424A0EC7B004BC82D /* CheckboxObjCViewController.m */; };
		F899354824A0EE22004BC82D /* CheckboxObjCViewController.xib in Resources */ = {isa = PBXBuildFile; fileRef = F899354724A0EE22004BC82D /* CheckboxObjCViewController.xib */; };
		F8C3694F24A62E9D00B93DAC /* AndesCheckboxInitViewController.xib in Resources */ = {isa = PBXBuildFile; fileRef = F8C3694E24A62E9D00B93DAC /* AndesCheckboxInitViewController.xib */; };
		F8C93A3A24A272F600ADCE1C /* AndesCheckboxTest.swift in Sources */ = {isa = PBXBuildFile; fileRef = F8C93A3724A272A200ADCE1C /* AndesCheckboxTest.swift */; };
		F8D7CB1A24A388D7003D5294 /* AndesCheckboxInitViewController.swift in Sources */ = {isa = PBXBuildFile; fileRef = F8D7CB1924A388D7003D5294 /* AndesCheckboxInitViewController.swift */; };
/* End PBXBuildFile section */

/* Begin PBXContainerItemProxy section */
		607FACE61AFB9204008FA782 /* PBXContainerItemProxy */ = {
			isa = PBXContainerItemProxy;
			containerPortal = 607FACC81AFB9204008FA782 /* Project object */;
			proxyType = 1;
			remoteGlobalIDString = 607FACCF1AFB9204008FA782;
			remoteInfo = AndesUI;
		};
		9CF562CE245892F5008AD504 /* PBXContainerItemProxy */ = {
			isa = PBXContainerItemProxy;
			containerPortal = 607FACC81AFB9204008FA782 /* Project object */;
			proxyType = 1;
			remoteGlobalIDString = 607FACCF1AFB9204008FA782;
			remoteInfo = "AndesUI-demoapp";
		};
/* End PBXContainerItemProxy section */

/* Begin PBXFileReference section */
		023ADCE224ACC2930076C3F3 /* ThumbnailRouter.swift */ = {isa = PBXFileReference; lastKnownFileType = sourcecode.swift; path = ThumbnailRouter.swift; sourceTree = "<group>"; };
		023ADCE524ACD1560076C3F3 /* ThumbnailViewController.swift */ = {isa = PBXFileReference; lastKnownFileType = sourcecode.swift; path = ThumbnailViewController.swift; sourceTree = "<group>"; };
		023ADCE624ACD1560076C3F3 /* ThumbnailViewController.xib */ = {isa = PBXFileReference; lastKnownFileType = file.xib; path = ThumbnailViewController.xib; sourceTree = "<group>"; };
		023ADCE924ACD4050076C3F3 /* ThumbnailObjCViewController.h */ = {isa = PBXFileReference; lastKnownFileType = sourcecode.c.h; path = ThumbnailObjCViewController.h; sourceTree = "<group>"; };
		023ADCEA24ACD4050076C3F3 /* ThumbnailObjCViewController.m */ = {isa = PBXFileReference; lastKnownFileType = sourcecode.c.objc; path = ThumbnailObjCViewController.m; sourceTree = "<group>"; };
		023ADCEB24ACD4050076C3F3 /* ThumbnailObjCViewController.xib */ = {isa = PBXFileReference; lastKnownFileType = file.xib; path = ThumbnailObjCViewController.xib; sourceTree = "<group>"; };
		02683A5A24B36E1000C3FD9A /* AndesThumbnailTests.swift */ = {isa = PBXFileReference; lastKnownFileType = sourcecode.swift; path = AndesThumbnailTests.swift; sourceTree = "<group>"; };
		3342B83BB32B2CBB292FBB1B /* Pods-AndesUI_Tests.debug.xcconfig */ = {isa = PBXFileReference; includeInIndex = 1; lastKnownFileType = text.xcconfig; name = "Pods-AndesUI_Tests.debug.xcconfig"; path = "Target Support Files/Pods-AndesUI_Tests/Pods-AndesUI_Tests.debug.xcconfig"; sourceTree = "<group>"; };
		3A1AFEA97874D75790DD8C33 /* AndesUI.podspec */ = {isa = PBXFileReference; includeInIndex = 1; lastKnownFileType = text; name = AndesUI.podspec; path = ../AndesUI.podspec; sourceTree = "<group>"; xcLanguageSpecificationIdentifier = xcode.lang.ruby; };
		49891841870D889A9CDC91E2 /* Pods_AndesUI_Tests.framework */ = {isa = PBXFileReference; explicitFileType = wrapper.framework; includeInIndex = 0; path = Pods_AndesUI_Tests.framework; sourceTree = BUILT_PRODUCTS_DIR; };
		57ED041E2226FD1200614168 /* Info.plist */ = {isa = PBXFileReference; fileEncoding = 4; lastKnownFileType = text.plist.xml; path = Info.plist; sourceTree = "<group>"; };
		57F34E912225DE0900454D8B /* AndesUIAppDelegate.swift */ = {isa = PBXFileReference; fileEncoding = 4; lastKnownFileType = sourcecode.swift; path = AndesUIAppDelegate.swift; sourceTree = "<group>"; };
		607FACD01AFB9204008FA782 /* AndesUI DemoApp.app */ = {isa = PBXFileReference; explicitFileType = wrapper.application; includeInIndex = 0; path = "AndesUI DemoApp.app"; sourceTree = BUILT_PRODUCTS_DIR; };
		607FACD41AFB9204008FA782 /* AndesUI-Info.plist */ = {isa = PBXFileReference; fileEncoding = 4; lastKnownFileType = text.plist.xml; path = "AndesUI-Info.plist"; sourceTree = "<group>"; };
		607FACDC1AFB9204008FA782 /* Images.xcassets */ = {isa = PBXFileReference; lastKnownFileType = folder.assetcatalog; path = Images.xcassets; sourceTree = "<group>"; };
		607FACDF1AFB9204008FA782 /* Base */ = {isa = PBXFileReference; lastKnownFileType = file.xib; name = Base; path = Base.lproj/LaunchScreen.xib; sourceTree = "<group>"; };
		607FACE51AFB9204008FA782 /* AndesUI_Tests.xctest */ = {isa = PBXFileReference; explicitFileType = wrapper.cfbundle; includeInIndex = 0; path = AndesUI_Tests.xctest; sourceTree = BUILT_PRODUCTS_DIR; };
		607FACEB1AFB9204008FA782 /* AndesStyleSheetTests.swift */ = {isa = PBXFileReference; lastKnownFileType = sourcecode.swift; path = AndesStyleSheetTests.swift; sourceTree = "<group>"; };
		6A186A6423AC0FBB00420556 /* ButtonsRouter.swift */ = {isa = PBXFileReference; fileEncoding = 4; lastKnownFileType = sourcecode.swift; path = ButtonsRouter.swift; sourceTree = "<group>"; };
		6A186A6623AC0FBB00420556 /* ButtonsViewController.swift */ = {isa = PBXFileReference; fileEncoding = 4; lastKnownFileType = sourcecode.swift; path = ButtonsViewController.swift; sourceTree = "<group>"; };
		6A186A6723AC0FBB00420556 /* ButtonsViewController.xib */ = {isa = PBXFileReference; fileEncoding = 4; lastKnownFileType = file.xib; path = ButtonsViewController.xib; sourceTree = "<group>"; };
		6A22DCBC23C918EA00BBFEA0 /* AndesUI-demoapp-Bridging-Header.h */ = {isa = PBXFileReference; lastKnownFileType = sourcecode.c.h; path = "AndesUI-demoapp-Bridging-Header.h"; sourceTree = "<group>"; };
		6A22DCBD23C918EA00BBFEA0 /* AndesUIViewController.h */ = {isa = PBXFileReference; lastKnownFileType = sourcecode.c.h; path = AndesUIViewController.h; sourceTree = "<group>"; };
		6A22DCBE23C918EA00BBFEA0 /* AndesUIViewController.m */ = {isa = PBXFileReference; lastKnownFileType = sourcecode.c.objc; path = AndesUIViewController.m; sourceTree = "<group>"; };
		6A22DCBF23C918EA00BBFEA0 /* AndesUIViewController.xib */ = {isa = PBXFileReference; lastKnownFileType = file.xib; path = AndesUIViewController.xib; sourceTree = "<group>"; };
		6A3C9CF423C692B6007D0C8B /* HomeRouter.swift */ = {isa = PBXFileReference; fileEncoding = 4; lastKnownFileType = sourcecode.swift; path = HomeRouter.swift; sourceTree = "<group>"; };
		6A3C9CF623C692B6007D0C8B /* HomePresenter.swift */ = {isa = PBXFileReference; fileEncoding = 4; lastKnownFileType = sourcecode.swift; path = HomePresenter.swift; sourceTree = "<group>"; };
		6A3C9CF823C692B6007D0C8B /* HomeViewController.xib */ = {isa = PBXFileReference; fileEncoding = 4; lastKnownFileType = file.xib; path = HomeViewController.xib; sourceTree = "<group>"; };
		6A3C9CF923C692B6007D0C8B /* HomeViewController.swift */ = {isa = PBXFileReference; fileEncoding = 4; lastKnownFileType = sourcecode.swift; path = HomeViewController.swift; sourceTree = "<group>"; };
		6D2152E8241BCC65001CEA8D /* TextFieldsRouter.swift */ = {isa = PBXFileReference; lastKnownFileType = sourcecode.swift; path = TextFieldsRouter.swift; sourceTree = "<group>"; };
		6D2152EB241BCD0E001CEA8D /* AndesShowcasePageViewController.swift */ = {isa = PBXFileReference; lastKnownFileType = sourcecode.swift; path = AndesShowcasePageViewController.swift; sourceTree = "<group>"; };
		6D2152ED241BD83C001CEA8D /* TextFieldViewController.swift */ = {isa = PBXFileReference; lastKnownFileType = sourcecode.swift; path = TextFieldViewController.swift; sourceTree = "<group>"; };
		6D2152F1241C07EC001CEA8D /* TextFieldObjCViewController.h */ = {isa = PBXFileReference; lastKnownFileType = sourcecode.c.h; path = TextFieldObjCViewController.h; sourceTree = "<group>"; };
		6D2152F2241C080C001CEA8D /* TextFieldObjCViewController.m */ = {isa = PBXFileReference; lastKnownFileType = sourcecode.c.objc; path = TextFieldObjCViewController.m; sourceTree = "<group>"; };
		6D2152F8241C1210001CEA8D /* TextFieldViewController.xib */ = {isa = PBXFileReference; lastKnownFileType = file.xib; path = TextFieldViewController.xib; sourceTree = "<group>"; };
		6DBB65FF2436423200FA9581 /* AndesTextFieldTests.swift */ = {isa = PBXFileReference; lastKnownFileType = sourcecode.swift; path = AndesTextFieldTests.swift; sourceTree = "<group>"; };
		6E64FFA0A9C64C1FB0EA4215 /* Pods-AndesUI-demoapp.release.xcconfig */ = {isa = PBXFileReference; includeInIndex = 1; lastKnownFileType = text.xcconfig; name = "Pods-AndesUI-demoapp.release.xcconfig"; path = "Target Support Files/Pods-AndesUI-demoapp/Pods-AndesUI-demoapp.release.xcconfig"; sourceTree = "<group>"; };
		705E1889E591A1D6D1E0B47E /* Pods-AndesUI-demoapp.mds.xcconfig */ = {isa = PBXFileReference; includeInIndex = 1; lastKnownFileType = text.xcconfig; name = "Pods-AndesUI-demoapp.mds.xcconfig"; path = "Target Support Files/Pods-AndesUI-demoapp/Pods-AndesUI-demoapp.mds.xcconfig"; sourceTree = "<group>"; };
		748830979405998C25BF67E4 /* Pods_AndesUI_demoapp.framework */ = {isa = PBXFileReference; explicitFileType = wrapper.framework; includeInIndex = 0; path = Pods_AndesUI_demoapp.framework; sourceTree = BUILT_PRODUCTS_DIR; };
		83BC15984E16075D3226CA24 /* Pods-AndesUI_Tests.mds.xcconfig */ = {isa = PBXFileReference; includeInIndex = 1; lastKnownFileType = text.xcconfig; name = "Pods-AndesUI_Tests.mds.xcconfig"; path = "Target Support Files/Pods-AndesUI_Tests/Pods-AndesUI_Tests.mds.xcconfig"; sourceTree = "<group>"; };
		8617BD162499B5860071319C /* SnackbarRouter.swift */ = {isa = PBXFileReference; lastKnownFileType = sourcecode.swift; path = SnackbarRouter.swift; sourceTree = "<group>"; };
		8617BD1D2499B6570071319C /* SnackbarViewController.swift */ = {isa = PBXFileReference; lastKnownFileType = sourcecode.swift; path = SnackbarViewController.swift; sourceTree = "<group>"; };
		8617BD1E2499B6570071319C /* SnackbarViewController.xib */ = {isa = PBXFileReference; lastKnownFileType = file.xib; path = SnackbarViewController.xib; sourceTree = "<group>"; };
		8634C9DA24A6330E00DB7B9F /* AndesSnackbarTests.swift */ = {isa = PBXFileReference; lastKnownFileType = sourcecode.swift; path = AndesSnackbarTests.swift; sourceTree = "<group>"; };
		8634C9DD24A6508B00DB7B9F /* AndeSnackbarManagerTests.swift */ = {isa = PBXFileReference; lastKnownFileType = sourcecode.swift; path = AndeSnackbarManagerTests.swift; sourceTree = "<group>"; };
		8634C9E524AB774700DB7B9F /* SnackbarObjCViewController.h */ = {isa = PBXFileReference; lastKnownFileType = sourcecode.c.h; path = SnackbarObjCViewController.h; sourceTree = "<group>"; };
		8634C9E624AB774700DB7B9F /* SnackbarObjCViewController.m */ = {isa = PBXFileReference; lastKnownFileType = sourcecode.c.objc; path = SnackbarObjCViewController.m; sourceTree = "<group>"; };
		8634C9E724AB774700DB7B9F /* SnackbarObjCViewController.xib */ = {isa = PBXFileReference; lastKnownFileType = file.xib; path = SnackbarObjCViewController.xib; sourceTree = "<group>"; };
		86A1E3032481599500B59D1D /* TagRouter.swift */ = {isa = PBXFileReference; lastKnownFileType = sourcecode.swift; path = TagRouter.swift; sourceTree = "<group>"; };
		86A1E30624815A1700B59D1D /* AndesTagShowcaseViewController.swift */ = {isa = PBXFileReference; lastKnownFileType = sourcecode.swift; path = AndesTagShowcaseViewController.swift; sourceTree = "<group>"; };
		86A1E30724815A1700B59D1D /* AndesTagShowcaseViewController.xib */ = {isa = PBXFileReference; lastKnownFileType = file.xib; path = AndesTagShowcaseViewController.xib; sourceTree = "<group>"; };
		86A1E30A24815CBA00B59D1D /* TagViewController.swift */ = {isa = PBXFileReference; lastKnownFileType = sourcecode.swift; path = TagViewController.swift; sourceTree = "<group>"; };
		86A1E30B24815CBA00B59D1D /* TagViewController.xib */ = {isa = PBXFileReference; lastKnownFileType = file.xib; path = TagViewController.xib; sourceTree = "<group>"; };
		86A1E30E2481E56300B59D1D /* TagObjCViewController.h */ = {isa = PBXFileReference; lastKnownFileType = sourcecode.c.h; path = TagObjCViewController.h; sourceTree = "<group>"; };
		86A1E30F2481E56300B59D1D /* TagObjCViewController.m */ = {isa = PBXFileReference; lastKnownFileType = sourcecode.c.objc; path = TagObjCViewController.m; sourceTree = "<group>"; };
		86A1E3102481E56300B59D1D /* TagObjCViewController.xib */ = {isa = PBXFileReference; lastKnownFileType = file.xib; path = TagObjCViewController.xib; sourceTree = "<group>"; };
		86D656B4248FF79500E62C1E /* AndesDemoColor.swift */ = {isa = PBXFileReference; lastKnownFileType = sourcecode.swift; path = AndesDemoColor.swift; sourceTree = "<group>"; };
		86E0A35C2493BDA9003D338C /* AndesTagSimpleTests.swift */ = {isa = PBXFileReference; lastKnownFileType = sourcecode.swift; path = AndesTagSimpleTests.swift; sourceTree = "<group>"; };
		86E0A4C1249415CE003D338C /* UITestTag.swift */ = {isa = PBXFileReference; lastKnownFileType = sourcecode.swift; path = UITestTag.swift; sourceTree = "<group>"; };
		90530B06242BF9ED005E056A /* BadgesRouter.swift */ = {isa = PBXFileReference; lastKnownFileType = sourcecode.swift; path = BadgesRouter.swift; sourceTree = "<group>"; };
		90530B09242BFAA7005E056A /* AndesBadgeShowcaseViewController.swift */ = {isa = PBXFileReference; lastKnownFileType = sourcecode.swift; path = AndesBadgeShowcaseViewController.swift; sourceTree = "<group>"; };
		90530B0A242BFAA7005E056A /* AndesBadgeShowcaseViewController.xib */ = {isa = PBXFileReference; lastKnownFileType = file.xib; path = AndesBadgeShowcaseViewController.xib; sourceTree = "<group>"; };
		90530B0F242BFD15005E056A /* BadgeViewController.swift */ = {isa = PBXFileReference; lastKnownFileType = sourcecode.swift; path = BadgeViewController.swift; sourceTree = "<group>"; };
		90530B10242BFD15005E056A /* BadgeViewController.xib */ = {isa = PBXFileReference; lastKnownFileType = file.xib; path = BadgeViewController.xib; sourceTree = "<group>"; };
		90F4781C243534F0001CEC90 /* BadgeObjCViewController.h */ = {isa = PBXFileReference; lastKnownFileType = sourcecode.c.h; path = BadgeObjCViewController.h; sourceTree = "<group>"; };
		90F4781D243534F0001CEC90 /* BadgeObjCViewController.m */ = {isa = PBXFileReference; lastKnownFileType = sourcecode.c.objc; path = BadgeObjCViewController.m; sourceTree = "<group>"; };
		90F4781E243534F0001CEC90 /* BadgeObjCViewController.xib */ = {isa = PBXFileReference; lastKnownFileType = file.xib; path = BadgeObjCViewController.xib; sourceTree = "<group>"; };
		90F4782124363A8F001CEC90 /* AndesBadgeTests.swift */ = {isa = PBXFileReference; lastKnownFileType = sourcecode.swift; path = AndesBadgeTests.swift; sourceTree = "<group>"; };
		9C2FFC6A23EDB1A50016292E /* whats_new.html */ = {isa = PBXFileReference; fileEncoding = 4; lastKnownFileType = text.html; path = whats_new.html; sourceTree = "<group>"; };
		9C592C092450A6B70038785E /* AndesTextAreaTests.swift */ = {isa = PBXFileReference; fileEncoding = 4; lastKnownFileType = sourcecode.swift; path = AndesTextAreaTests.swift; sourceTree = "<group>"; };
		9C592C0A2450A6B70038785E /* AndesTextFieldSideComponentTests.swift */ = {isa = PBXFileReference; fileEncoding = 4; lastKnownFileType = sourcecode.swift; path = AndesTextFieldSideComponentTests.swift; sourceTree = "<group>"; };
		9C592C0D2450A6BD0038785E /* AndesEnumStringConvertibleTests.swift */ = {isa = PBXFileReference; fileEncoding = 4; lastKnownFileType = sourcecode.swift; path = AndesEnumStringConvertibleTests.swift; sourceTree = "<group>"; };
		9C9B5A8023ECADB80007234B /* String+Additions.swift */ = {isa = PBXFileReference; lastKnownFileType = sourcecode.swift; path = "String+Additions.swift"; sourceTree = "<group>"; };
		9C9B5A8723ECB08D0007234B /* Localizable.strings */ = {isa = PBXFileReference; lastKnownFileType = text.plist.strings; path = Localizable.strings; sourceTree = "<group>"; };
		9C9B5A8B23ECEEBE0007234B /* WhatsNewRouter.swift */ = {isa = PBXFileReference; lastKnownFileType = sourcecode.swift; path = WhatsNewRouter.swift; sourceTree = "<group>"; };
		9C9B5A8D23ECEED40007234B /* WhatsNewViewController.swift */ = {isa = PBXFileReference; lastKnownFileType = sourcecode.swift; path = WhatsNewViewController.swift; sourceTree = "<group>"; };
		9C9B5A8E23ECEED40007234B /* WhatsNewViewController.xib */ = {isa = PBXFileReference; lastKnownFileType = file.xib; path = WhatsNewViewController.xib; sourceTree = "<group>"; };
		9C9B5A9123ECF2120007234B /* CHANGELOG.md */ = {isa = PBXFileReference; fileEncoding = 4; lastKnownFileType = net.daringfireball.markdown; name = CHANGELOG.md; path = ../CHANGELOG.md; sourceTree = "<group>"; };
		9CA2881024475DE700E299C3 /* TextAreaViewController.swift */ = {isa = PBXFileReference; lastKnownFileType = sourcecode.swift; path = TextAreaViewController.swift; sourceTree = "<group>"; };
		9CA28812244761F200E299C3 /* TextAreaViewController.xib */ = {isa = PBXFileReference; lastKnownFileType = file.xib; path = TextAreaViewController.xib; sourceTree = "<group>"; };
		9CA28814244768C400E299C3 /* TextFieldObjCViewController.xib */ = {isa = PBXFileReference; lastKnownFileType = file.xib; path = TextFieldObjCViewController.xib; sourceTree = "<group>"; };
		9CAD81E723FD62C900D43EB9 /* AndesIconsProviderTests.swift */ = {isa = PBXFileReference; lastKnownFileType = sourcecode.swift; path = AndesIconsProviderTests.swift; sourceTree = "<group>"; };
		9CB172932422518C00B61431 /* AndesShowcasePageViewController.xib */ = {isa = PBXFileReference; lastKnownFileType = file.xib; path = AndesShowcasePageViewController.xib; sourceTree = "<group>"; };
		9CD1071C23EDF3A90081232D /* UIView+Additions.swift */ = {isa = PBXFileReference; lastKnownFileType = sourcecode.swift; path = "UIView+Additions.swift"; sourceTree = "<group>"; };
		9CD1072A23F1E7AB0081232D /* MessagesRouter.swift */ = {isa = PBXFileReference; fileEncoding = 4; lastKnownFileType = sourcecode.swift; name = MessagesRouter.swift; path = Routers/MessagesRouter.swift; sourceTree = "<group>"; };
		9CE112DA23CE587B0017B770 /* MessageViewController.swift */ = {isa = PBXFileReference; lastKnownFileType = sourcecode.swift; path = MessageViewController.swift; sourceTree = "<group>"; };
		9CE112DC23CE58910017B770 /* MessageViewController.xib */ = {isa = PBXFileReference; lastKnownFileType = file.xib; path = MessageViewController.xib; sourceTree = "<group>"; };
		9CE112ED23D103080017B770 /* AndesButtonTests.swift */ = {isa = PBXFileReference; fileEncoding = 4; lastKnownFileType = sourcecode.swift; path = AndesButtonTests.swift; sourceTree = "<group>"; };
		9CE112EF23D1DE0A0017B770 /* AndesMessageTests.swift */ = {isa = PBXFileReference; lastKnownFileType = sourcecode.swift; path = AndesMessageTests.swift; sourceTree = "<group>"; };
		9CE112FC23D20B0E0017B770 /* MessageObjCViewController.xib */ = {isa = PBXFileReference; lastKnownFileType = file.xib; path = MessageObjCViewController.xib; sourceTree = "<group>"; };
		9CE1130123D20BF40017B770 /* MessageObjCViewController.m */ = {isa = PBXFileReference; lastKnownFileType = sourcecode.c.objc; path = MessageObjCViewController.m; sourceTree = "<group>"; };
		9CE1130323D20BFC0017B770 /* MessageObjCViewController.h */ = {isa = PBXFileReference; lastKnownFileType = sourcecode.c.h; path = MessageObjCViewController.h; sourceTree = "<group>"; };
		9CF562B92458763D008AD504 /* UITestButtons.swift */ = {isa = PBXFileReference; lastKnownFileType = sourcecode.swift; path = UITestButtons.swift; sourceTree = "<group>"; };
		9CF562C324588C60008AD504 /* SnapshotHelper.swift */ = {isa = PBXFileReference; fileEncoding = 4; lastKnownFileType = sourcecode.swift; path = SnapshotHelper.swift; sourceTree = "<group>"; };
		9CF562C9245892F5008AD504 /* AndesUI - UITests.xctest */ = {isa = PBXFileReference; explicitFileType = wrapper.cfbundle; includeInIndex = 0; path = "AndesUI - UITests.xctest"; sourceTree = BUILT_PRODUCTS_DIR; };
		9CF562CD245892F5008AD504 /* Info.plist */ = {isa = PBXFileReference; lastKnownFileType = text.plist.xml; path = Info.plist; sourceTree = "<group>"; };
		9CF562D924589A8B008AD504 /* UITestMessage.swift */ = {isa = PBXFileReference; lastKnownFileType = sourcecode.swift; path = UITestMessage.swift; sourceTree = "<group>"; };
		9CF562E12459F9B3008AD504 /* UITextField.swift */ = {isa = PBXFileReference; lastKnownFileType = sourcecode.swift; path = UITextField.swift; sourceTree = "<group>"; };
		9CF562E3245A082C008AD504 /* UITestBadge.swift */ = {isa = PBXFileReference; lastKnownFileType = sourcecode.swift; path = UITestBadge.swift; sourceTree = "<group>"; };
		AC98BF20D5812F377975A7D9 /* README.md */ = {isa = PBXFileReference; includeInIndex = 1; lastKnownFileType = net.daringfireball.markdown; name = README.md; path = ../README.md; sourceTree = "<group>"; };
		D9A567E4C1B9D9CA9DFC1E89 /* Pods-AndesUI_Tests.release.xcconfig */ = {isa = PBXFileReference; includeInIndex = 1; lastKnownFileType = text.xcconfig; name = "Pods-AndesUI_Tests.release.xcconfig"; path = "Target Support Files/Pods-AndesUI_Tests/Pods-AndesUI_Tests.release.xcconfig"; sourceTree = "<group>"; };
		E3E9B26B74F98D6773C98C88 /* LICENSE */ = {isa = PBXFileReference; includeInIndex = 1; lastKnownFileType = text; name = LICENSE; path = ../LICENSE; sourceTree = "<group>"; };
		E615508823D6196C00417B5F /* AndesButtonTests.swift */ = {isa = PBXFileReference; fileEncoding = 4; lastKnownFileType = sourcecode.swift; path = AndesButtonTests.swift; sourceTree = "<group>"; };
		E61E8ED6239E9A7A00F85A8A /* Foundation.framework */ = {isa = PBXFileReference; lastKnownFileType = wrapper.framework; name = Foundation.framework; path = System/Library/Frameworks/Foundation.framework; sourceTree = SDKROOT; };
		F1687EB5920F308AFA904326 /* Pods-AndesUI-demoapp.debug.xcconfig */ = {isa = PBXFileReference; includeInIndex = 1; lastKnownFileType = text.xcconfig; name = "Pods-AndesUI-demoapp.debug.xcconfig"; path = "Target Support Files/Pods-AndesUI-demoapp/Pods-AndesUI-demoapp.debug.xcconfig"; sourceTree = "<group>"; };
		F8249D0424ABC9AD002A6456 /* RadioButtonRouter.swift */ = {isa = PBXFileReference; lastKnownFileType = sourcecode.swift; path = RadioButtonRouter.swift; sourceTree = "<group>"; };
		F8249D0724ABCA4E002A6456 /* AndesRadioButtonViewController.swift */ = {isa = PBXFileReference; lastKnownFileType = sourcecode.swift; path = AndesRadioButtonViewController.swift; sourceTree = "<group>"; };
		F8249D0924ABCAC8002A6456 /* AndesRadioButtonViewController.xib */ = {isa = PBXFileReference; lastKnownFileType = file.xib; path = AndesRadioButtonViewController.xib; sourceTree = "<group>"; };
		F830F882249400020043D5AF /* CheckboxRouter.swift */ = {isa = PBXFileReference; lastKnownFileType = sourcecode.swift; path = CheckboxRouter.swift; sourceTree = "<group>"; };
		F830F884249400760043D5AF /* AndesCheckboxViewController.swift */ = {isa = PBXFileReference; lastKnownFileType = sourcecode.swift; path = AndesCheckboxViewController.swift; sourceTree = "<group>"; };
		F830F8862494127C0043D5AF /* AndesCheckboxViewController.xib */ = {isa = PBXFileReference; lastKnownFileType = file.xib; path = AndesCheckboxViewController.xib; sourceTree = "<group>"; };
		F85E051C24AF67BE0059C6FA /* RadioButtonObjCViewController.h */ = {isa = PBXFileReference; lastKnownFileType = sourcecode.c.h; path = RadioButtonObjCViewController.h; sourceTree = "<group>"; };
		F85E051D24AF68150059C6FA /* RadioButtonObjCViewController.m */ = {isa = PBXFileReference; lastKnownFileType = sourcecode.c.objc; path = RadioButtonObjCViewController.m; sourceTree = "<group>"; };
		F85E051F24AF69B20059C6FA /* RadioButtonObjCViewController.xib */ = {isa = PBXFileReference; lastKnownFileType = file.xib; path = RadioButtonObjCViewController.xib; sourceTree = "<group>"; };
		F85E052124AF756B0059C6FA /* AndesRadioButtonTest.swift */ = {isa = PBXFileReference; lastKnownFileType = sourcecode.swift; path = AndesRadioButtonTest.swift; sourceTree = "<group>"; };
		F899354024A0DA98004BC82D /* AndesCheckboxShowcaseViewController.swift */ = {isa = PBXFileReference; lastKnownFileType = sourcecode.swift; path = AndesCheckboxShowcaseViewController.swift; sourceTree = "<group>"; };
		F899354224A0DADB004BC82D /* AndesCheckboxShowcaseViewController.xib */ = {isa = PBXFileReference; lastKnownFileType = file.xib; path = AndesCheckboxShowcaseViewController.xib; sourceTree = "<group>"; };
		F899354424A0EC7B004BC82D /* CheckboxObjCViewController.m */ = {isa = PBXFileReference; lastKnownFileType = sourcecode.c.objc; path = CheckboxObjCViewController.m; sourceTree = "<group>"; };
		F899354724A0EE22004BC82D /* CheckboxObjCViewController.xib */ = {isa = PBXFileReference; lastKnownFileType = file.xib; path = CheckboxObjCViewController.xib; sourceTree = "<group>"; };
		F899354924A0FAD0004BC82D /* CheckboxObjCViewController.h */ = {isa = PBXFileReference; lastKnownFileType = sourcecode.c.h; path = CheckboxObjCViewController.h; sourceTree = "<group>"; };
		F8C3694E24A62E9D00B93DAC /* AndesCheckboxInitViewController.xib */ = {isa = PBXFileReference; lastKnownFileType = file.xib; path = AndesCheckboxInitViewController.xib; sourceTree = "<group>"; };
		F8C93A3724A272A200ADCE1C /* AndesCheckboxTest.swift */ = {isa = PBXFileReference; lastKnownFileType = sourcecode.swift; path = AndesCheckboxTest.swift; sourceTree = "<group>"; };
		F8D7CB1924A388D7003D5294 /* AndesCheckboxInitViewController.swift */ = {isa = PBXFileReference; lastKnownFileType = sourcecode.swift; path = AndesCheckboxInitViewController.swift; sourceTree = "<group>"; };
/* End PBXFileReference section */

/* Begin PBXFrameworksBuildPhase section */
		607FACCD1AFB9204008FA782 /* Frameworks */ = {
			isa = PBXFrameworksBuildPhase;
			buildActionMask = 2147483647;
			files = (
				8E8003ECE65A826F4A27FC6D /* Pods_AndesUI_demoapp.framework in Frameworks */,
			);
			runOnlyForDeploymentPostprocessing = 0;
		};
		607FACE21AFB9204008FA782 /* Frameworks */ = {
			isa = PBXFrameworksBuildPhase;
			buildActionMask = 2147483647;
			files = (
				E5306024ED10F08F50962867 /* Pods_AndesUI_Tests.framework in Frameworks */,
			);
			runOnlyForDeploymentPostprocessing = 0;
		};
		9CF562C6245892F5008AD504 /* Frameworks */ = {
			isa = PBXFrameworksBuildPhase;
			buildActionMask = 2147483647;
			files = (
			);
			runOnlyForDeploymentPostprocessing = 0;
		};
/* End PBXFrameworksBuildPhase section */

/* Begin PBXGroup section */
		023ADCE124ACC26D0076C3F3 /* Thumbnail */ = {
			isa = PBXGroup;
			children = (
				023ADCE224ACC2930076C3F3 /* ThumbnailRouter.swift */,
				023ADCE424ACCD010076C3F3 /* Views */,
			);
			path = Thumbnail;
			sourceTree = "<group>";
		};
		023ADCE424ACCD010076C3F3 /* Views */ = {
			isa = PBXGroup;
			children = (
				023ADCE524ACD1560076C3F3 /* ThumbnailViewController.swift */,
				023ADCE624ACD1560076C3F3 /* ThumbnailViewController.xib */,
				023ADCE924ACD4050076C3F3 /* ThumbnailObjCViewController.h */,
				023ADCEA24ACD4050076C3F3 /* ThumbnailObjCViewController.m */,
				023ADCEB24ACD4050076C3F3 /* ThumbnailObjCViewController.xib */,
			);
			path = Views;
			sourceTree = "<group>";
		};
		4511B896B5EE3851103C28AB /* Pods */ = {
			isa = PBXGroup;
			children = (
				F1687EB5920F308AFA904326 /* Pods-AndesUI-demoapp.debug.xcconfig */,
				6E64FFA0A9C64C1FB0EA4215 /* Pods-AndesUI-demoapp.release.xcconfig */,
				3342B83BB32B2CBB292FBB1B /* Pods-AndesUI_Tests.debug.xcconfig */,
				D9A567E4C1B9D9CA9DFC1E89 /* Pods-AndesUI_Tests.release.xcconfig */,
				705E1889E591A1D6D1E0B47E /* Pods-AndesUI-demoapp.mds.xcconfig */,
				83BC15984E16075D3226CA24 /* Pods-AndesUI_Tests.mds.xcconfig */,
			);
			name = Pods;
			path = ../Pods;
			sourceTree = "<group>";
		};
		607FACC71AFB9204008FA782 = {
			isa = PBXGroup;
			children = (
				607FACF51AFB993E008FA782 /* Podspec Metadata */,
				607FACD21AFB9204008FA782 /* Example for AndesUI */,
				607FACE81AFB9204008FA782 /* Tests */,
				9CF562CA245892F5008AD504 /* AndesUI - UITests */,
				607FACD11AFB9204008FA782 /* Products */,
				7613B115B5FF19062CE27E07 /* Frameworks */,
				6A3C9CF123C69275007D0C8B /* Recovered References */,
				4511B896B5EE3851103C28AB /* Pods */,
			);
			sourceTree = "<group>";
		};
		607FACD11AFB9204008FA782 /* Products */ = {
			isa = PBXGroup;
			children = (
				607FACD01AFB9204008FA782 /* AndesUI DemoApp.app */,
				607FACE51AFB9204008FA782 /* AndesUI_Tests.xctest */,
				9CF562C9245892F5008AD504 /* AndesUI - UITests.xctest */,
			);
			name = Products;
			sourceTree = "<group>";
		};
		607FACD21AFB9204008FA782 /* Example for AndesUI */ = {
			isa = PBXGroup;
			children = (
				F8249D0324ABC98D002A6456 /* RadioButton */,
				F830F8802493FEEF0043D5AF /* Checkbox */,
				8617BD152499B5750071319C /* Snackbar */,
				86D656B3248FF78300E62C1E /* Extensions */,
				86A1E3022481596C00B59D1D /* Tag */,
				9CB172952422575B00B61431 /* PageController */,
				6D2152E7241BCC20001CEA8D /* TextFields */,
				90530B05242BF9D9005E056A /* Badges */,
				9C9B5A8923ECEE650007234B /* WhatsNew */,
				9C9B5A7F23ECADA60007234B /* Additions */,
				6A3C9CF223C692B6007D0C8B /* Home */,
				9CE112D923CE58590017B770 /* Messages */,
				6A186A6223AC0FBB00420556 /* Buttons */,
				023ADCE124ACC26D0076C3F3 /* Thumbnail */,
				57F34E912225DE0900454D8B /* AndesUIAppDelegate.swift */,
				9C9B5A8723ECB08D0007234B /* Localizable.strings */,
				6A22DCBC23C918EA00BBFEA0 /* AndesUI-demoapp-Bridging-Header.h */,
				607FACDC1AFB9204008FA782 /* Images.xcassets */,
				607FACDE1AFB9204008FA782 /* LaunchScreen.xib */,
				607FACD31AFB9204008FA782 /* Supporting Files */,
			);
			name = "Example for AndesUI";
			path = AndesUI;
			sourceTree = "<group>";
		};
		607FACD31AFB9204008FA782 /* Supporting Files */ = {
			isa = PBXGroup;
			children = (
				607FACD41AFB9204008FA782 /* AndesUI-Info.plist */,
			);
			name = "Supporting Files";
			sourceTree = "<group>";
		};
		607FACE81AFB9204008FA782 /* Tests */ = {
			isa = PBXGroup;
			children = (
				F8C93A3724A272A200ADCE1C /* AndesCheckboxTest.swift */,
				9C592C082450A6980038785E /* TextFieldTests */,
				8634C9DF24A6509300DB7B9F /* SnackbarTests */,
				90F4782124363A8F001CEC90 /* AndesBadgeTests.swift */,
				E615508823D6196C00417B5F /* AndesButtonTests.swift */,
				9C592C0D2450A6BD0038785E /* AndesEnumStringConvertibleTests.swift */,
				607FACEB1AFB9204008FA782 /* AndesStyleSheetTests.swift */,
				9CE112ED23D103080017B770 /* AndesButtonTests.swift */,
				9CE112EF23D1DE0A0017B770 /* AndesMessageTests.swift */,
				9CAD81E723FD62C900D43EB9 /* AndesIconsProviderTests.swift */,
				86E0A35C2493BDA9003D338C /* AndesTagSimpleTests.swift */,
				02683A5A24B36E1000C3FD9A /* AndesThumbnailTests.swift */,
				607FACE91AFB9204008FA782 /* Supporting Files */,
				F85E052124AF756B0059C6FA /* AndesRadioButtonTest.swift */,
			);
			path = Tests;
			sourceTree = "<group>";
		};
		607FACE91AFB9204008FA782 /* Supporting Files */ = {
			isa = PBXGroup;
			children = (
				57ED041E2226FD1200614168 /* Info.plist */,
			);
			name = "Supporting Files";
			sourceTree = "<group>";
		};
		607FACF51AFB993E008FA782 /* Podspec Metadata */ = {
			isa = PBXGroup;
			children = (
				3A1AFEA97874D75790DD8C33 /* AndesUI.podspec */,
				AC98BF20D5812F377975A7D9 /* README.md */,
				9C9B5A9123ECF2120007234B /* CHANGELOG.md */,
				E3E9B26B74F98D6773C98C88 /* LICENSE */,
			);
			name = "Podspec Metadata";
			sourceTree = "<group>";
		};
		6A186A6223AC0FBB00420556 /* Buttons */ = {
			isa = PBXGroup;
			children = (
				6A186A6323AC0FBB00420556 /* Routers */,
				6A186A6523AC0FBB00420556 /* Views */,
			);
			path = Buttons;
			sourceTree = "<group>";
		};
		6A186A6323AC0FBB00420556 /* Routers */ = {
			isa = PBXGroup;
			children = (
				6A186A6423AC0FBB00420556 /* ButtonsRouter.swift */,
			);
			path = Routers;
			sourceTree = "<group>";
		};
		6A186A6523AC0FBB00420556 /* Views */ = {
			isa = PBXGroup;
			children = (
				6A186A6623AC0FBB00420556 /* ButtonsViewController.swift */,
				6A186A6723AC0FBB00420556 /* ButtonsViewController.xib */,
				6A22DCBD23C918EA00BBFEA0 /* AndesUIViewController.h */,
				6A22DCBE23C918EA00BBFEA0 /* AndesUIViewController.m */,
				6A22DCBF23C918EA00BBFEA0 /* AndesUIViewController.xib */,
			);
			path = Views;
			sourceTree = "<group>";
		};
		6A3C9CF123C69275007D0C8B /* Recovered References */ = {
			isa = PBXGroup;
			children = (
			);
			name = "Recovered References";
			sourceTree = "<group>";
		};
		6A3C9CF223C692B6007D0C8B /* Home */ = {
			isa = PBXGroup;
			children = (
				6A3C9CF323C692B6007D0C8B /* Routers */,
				6A3C9CF523C692B6007D0C8B /* Presenters */,
				6A3C9CF723C692B6007D0C8B /* Views */,
			);
			path = Home;
			sourceTree = "<group>";
		};
		6A3C9CF323C692B6007D0C8B /* Routers */ = {
			isa = PBXGroup;
			children = (
				6A3C9CF423C692B6007D0C8B /* HomeRouter.swift */,
			);
			path = Routers;
			sourceTree = "<group>";
		};
		6A3C9CF523C692B6007D0C8B /* Presenters */ = {
			isa = PBXGroup;
			children = (
				6A3C9CF623C692B6007D0C8B /* HomePresenter.swift */,
			);
			path = Presenters;
			sourceTree = "<group>";
		};
		6A3C9CF723C692B6007D0C8B /* Views */ = {
			isa = PBXGroup;
			children = (
				6A3C9CF823C692B6007D0C8B /* HomeViewController.xib */,
				6A3C9CF923C692B6007D0C8B /* HomeViewController.swift */,
			);
			path = Views;
			sourceTree = "<group>";
		};
		6D2152E7241BCC20001CEA8D /* TextFields */ = {
			isa = PBXGroup;
			children = (
				6D2152E8241BCC65001CEA8D /* TextFieldsRouter.swift */,
				6D2152EA241BCCF4001CEA8D /* Views */,
			);
			path = TextFields;
			sourceTree = "<group>";
		};
		6D2152EA241BCCF4001CEA8D /* Views */ = {
			isa = PBXGroup;
			children = (
				6D2152ED241BD83C001CEA8D /* TextFieldViewController.swift */,
				6D2152F8241C1210001CEA8D /* TextFieldViewController.xib */,
				6D2152F1241C07EC001CEA8D /* TextFieldObjCViewController.h */,
				6D2152F2241C080C001CEA8D /* TextFieldObjCViewController.m */,
				9CA2881024475DE700E299C3 /* TextAreaViewController.swift */,
				9CA28812244761F200E299C3 /* TextAreaViewController.xib */,
				9CA28814244768C400E299C3 /* TextFieldObjCViewController.xib */,
			);
			path = Views;
			sourceTree = "<group>";
		};
		7613B115B5FF19062CE27E07 /* Frameworks */ = {
			isa = PBXGroup;
			children = (
				E61E8ED6239E9A7A00F85A8A /* Foundation.framework */,
				748830979405998C25BF67E4 /* Pods_AndesUI_demoapp.framework */,
				49891841870D889A9CDC91E2 /* Pods_AndesUI_Tests.framework */,
			);
			name = Frameworks;
			sourceTree = "<group>";
		};
		8617BD152499B5750071319C /* Snackbar */ = {
			isa = PBXGroup;
			children = (
				8617BD182499B5BC0071319C /* Views */,
				8617BD162499B5860071319C /* SnackbarRouter.swift */,
			);
			path = Snackbar;
			sourceTree = "<group>";
		};
		8617BD182499B5BC0071319C /* Views */ = {
			isa = PBXGroup;
			children = (
				8617BD1D2499B6570071319C /* SnackbarViewController.swift */,
				8617BD1E2499B6570071319C /* SnackbarViewController.xib */,
				8634C9E524AB774700DB7B9F /* SnackbarObjCViewController.h */,
				8634C9E624AB774700DB7B9F /* SnackbarObjCViewController.m */,
				8634C9E724AB774700DB7B9F /* SnackbarObjCViewController.xib */,
			);
			path = Views;
			sourceTree = "<group>";
		};
		8634C9DF24A6509300DB7B9F /* SnackbarTests */ = {
			isa = PBXGroup;
			children = (
				8634C9DA24A6330E00DB7B9F /* AndesSnackbarTests.swift */,
				8634C9DD24A6508B00DB7B9F /* AndeSnackbarManagerTests.swift */,
			);
			name = SnackbarTests;
			sourceTree = "<group>";
		};
		86A1E3022481596C00B59D1D /* Tag */ = {
			isa = PBXGroup;
			children = (
				86A1E305248159E800B59D1D /* Views */,
				86A1E3032481599500B59D1D /* TagRouter.swift */,
			);
			path = Tag;
			sourceTree = "<group>";
		};
		86A1E305248159E800B59D1D /* Views */ = {
			isa = PBXGroup;
			children = (
				86A1E30624815A1700B59D1D /* AndesTagShowcaseViewController.swift */,
				86A1E30724815A1700B59D1D /* AndesTagShowcaseViewController.xib */,
				86A1E30A24815CBA00B59D1D /* TagViewController.swift */,
				86A1E30B24815CBA00B59D1D /* TagViewController.xib */,
				86A1E30E2481E56300B59D1D /* TagObjCViewController.h */,
				86A1E30F2481E56300B59D1D /* TagObjCViewController.m */,
				86A1E3102481E56300B59D1D /* TagObjCViewController.xib */,
			);
			path = Views;
			sourceTree = "<group>";
		};
		86D656B3248FF78300E62C1E /* Extensions */ = {
			isa = PBXGroup;
			children = (
				86D656B4248FF79500E62C1E /* AndesDemoColor.swift */,
			);
			path = Extensions;
			sourceTree = "<group>";
		};
		90530B05242BF9D9005E056A /* Badges */ = {
			isa = PBXGroup;
			children = (
				90530B08242BFA7E005E056A /* Views */,
				90530B06242BF9ED005E056A /* BadgesRouter.swift */,
			);
			path = Badges;
			sourceTree = "<group>";
		};
		90530B08242BFA7E005E056A /* Views */ = {
			isa = PBXGroup;
			children = (
				90530B09242BFAA7005E056A /* AndesBadgeShowcaseViewController.swift */,
				90530B0A242BFAA7005E056A /* AndesBadgeShowcaseViewController.xib */,
				90530B0F242BFD15005E056A /* BadgeViewController.swift */,
				90530B10242BFD15005E056A /* BadgeViewController.xib */,
				90F4781C243534F0001CEC90 /* BadgeObjCViewController.h */,
				90F4781D243534F0001CEC90 /* BadgeObjCViewController.m */,
				90F4781E243534F0001CEC90 /* BadgeObjCViewController.xib */,
			);
			path = Views;
			sourceTree = "<group>";
		};
		9C592C082450A6980038785E /* TextFieldTests */ = {
			isa = PBXGroup;
			children = (
				9C592C092450A6B70038785E /* AndesTextAreaTests.swift */,
				9C592C0A2450A6B70038785E /* AndesTextFieldSideComponentTests.swift */,
				6DBB65FF2436423200FA9581 /* AndesTextFieldTests.swift */,
			);
			name = TextFieldTests;
			sourceTree = "<group>";
		};
		9C9B5A7F23ECADA60007234B /* Additions */ = {
			isa = PBXGroup;
			children = (
				9C9B5A8023ECADB80007234B /* String+Additions.swift */,
				9CD1071C23EDF3A90081232D /* UIView+Additions.swift */,
			);
			path = Additions;
			sourceTree = "<group>";
		};
		9C9B5A8923ECEE650007234B /* WhatsNew */ = {
			isa = PBXGroup;
			children = (
				9C2FFC6A23EDB1A50016292E /* whats_new.html */,
				9C9B5A8B23ECEEBE0007234B /* WhatsNewRouter.swift */,
				9C9B5A8D23ECEED40007234B /* WhatsNewViewController.swift */,
				9C9B5A8E23ECEED40007234B /* WhatsNewViewController.xib */,
			);
			path = WhatsNew;
			sourceTree = "<group>";
		};
		9CB172952422575B00B61431 /* PageController */ = {
			isa = PBXGroup;
			children = (
				6D2152EB241BCD0E001CEA8D /* AndesShowcasePageViewController.swift */,
				9CB172932422518C00B61431 /* AndesShowcasePageViewController.xib */,
			);
			path = PageController;
			sourceTree = "<group>";
		};
		9CE112D923CE58590017B770 /* Messages */ = {
			isa = PBXGroup;
			children = (
				9CD1072A23F1E7AB0081232D /* MessagesRouter.swift */,
				9CE112EA23D0FAD30017B770 /* Views */,
			);
			path = Messages;
			sourceTree = "<group>";
		};
		9CE112EA23D0FAD30017B770 /* Views */ = {
			isa = PBXGroup;
			children = (
				9CE112DA23CE587B0017B770 /* MessageViewController.swift */,
				9CE112DC23CE58910017B770 /* MessageViewController.xib */,
				9CE112FC23D20B0E0017B770 /* MessageObjCViewController.xib */,
				9CE1130123D20BF40017B770 /* MessageObjCViewController.m */,
				9CE1130323D20BFC0017B770 /* MessageObjCViewController.h */,
			);
			path = Views;
			sourceTree = "<group>";
		};
		9CF562CA245892F5008AD504 /* AndesUI - UITests */ = {
			isa = PBXGroup;
			children = (
				9CF562B92458763D008AD504 /* UITestButtons.swift */,
				9CF562D924589A8B008AD504 /* UITestMessage.swift */,
				9CF562C324588C60008AD504 /* SnapshotHelper.swift */,
				9CF562CD245892F5008AD504 /* Info.plist */,
				9CF562E12459F9B3008AD504 /* UITextField.swift */,
				9CF562E3245A082C008AD504 /* UITestBadge.swift */,
				86E0A4C1249415CE003D338C /* UITestTag.swift */,
			);
			path = "AndesUI - UITests";
			sourceTree = "<group>";
		};
		F8249D0324ABC98D002A6456 /* RadioButton */ = {
			isa = PBXGroup;
			children = (
				F8249D0624ABCA3B002A6456 /* Views */,
				F8249D0424ABC9AD002A6456 /* RadioButtonRouter.swift */,
			);
			path = RadioButton;
			sourceTree = "<group>";
		};
		F8249D0624ABCA3B002A6456 /* Views */ = {
			isa = PBXGroup;
			children = (
				F8249D0724ABCA4E002A6456 /* AndesRadioButtonViewController.swift */,
				F8249D0924ABCAC8002A6456 /* AndesRadioButtonViewController.xib */,
				F85E051C24AF67BE0059C6FA /* RadioButtonObjCViewController.h */,
				F85E051D24AF68150059C6FA /* RadioButtonObjCViewController.m */,
				F85E051F24AF69B20059C6FA /* RadioButtonObjCViewController.xib */,
			);
			path = Views;
			sourceTree = "<group>";
		};
		F830F8802493FEEF0043D5AF /* Checkbox */ = {
			isa = PBXGroup;
			children = (
				F830F8812493FFDB0043D5AF /* Views */,
				F830F882249400020043D5AF /* CheckboxRouter.swift */,
			);
			path = Checkbox;
			sourceTree = "<group>";
		};
		F830F8812493FFDB0043D5AF /* Views */ = {
			isa = PBXGroup;
			children = (
				F830F884249400760043D5AF /* AndesCheckboxViewController.swift */,
				F830F8862494127C0043D5AF /* AndesCheckboxViewController.xib */,
				F899354024A0DA98004BC82D /* AndesCheckboxShowcaseViewController.swift */,
				F899354224A0DADB004BC82D /* AndesCheckboxShowcaseViewController.xib */,
				F899354424A0EC7B004BC82D /* CheckboxObjCViewController.m */,
				F899354724A0EE22004BC82D /* CheckboxObjCViewController.xib */,
				F899354924A0FAD0004BC82D /* CheckboxObjCViewController.h */,
				F8D7CB1924A388D7003D5294 /* AndesCheckboxInitViewController.swift */,
				F8C3694E24A62E9D00B93DAC /* AndesCheckboxInitViewController.xib */,
			);
			path = Views;
			sourceTree = "<group>";
		};
/* End PBXGroup section */

/* Begin PBXNativeTarget section */
		607FACCF1AFB9204008FA782 /* AndesUI-demoapp */ = {
			isa = PBXNativeTarget;
			buildConfigurationList = 607FACEF1AFB9204008FA782 /* Build configuration list for PBXNativeTarget "AndesUI-demoapp" */;
			buildPhases = (
				6070B01AE20C8AC0FD06CC8D /* [CP] Check Pods Manifest.lock */,
				607FACCC1AFB9204008FA782 /* Sources */,
				607FACCD1AFB9204008FA782 /* Frameworks */,
				607FACCE1AFB9204008FA782 /* Resources */,
				2A829C442CE4271940F92A53 /* [CP] Embed Pods Frameworks */,
			);
			buildRules = (
			);
			dependencies = (
			);
			name = "AndesUI-demoapp";
			productName = AndesUI;
			productReference = 607FACD01AFB9204008FA782 /* AndesUI DemoApp.app */;
			productType = "com.apple.product-type.application";
		};
		607FACE41AFB9204008FA782 /* AndesUI_Tests */ = {
			isa = PBXNativeTarget;
			buildConfigurationList = 607FACF21AFB9204008FA782 /* Build configuration list for PBXNativeTarget "AndesUI_Tests" */;
			buildPhases = (
				E0FCC9C9E2A3EE48CE62DFB5 /* [CP] Check Pods Manifest.lock */,
				607FACE11AFB9204008FA782 /* Sources */,
				607FACE21AFB9204008FA782 /* Frameworks */,
				607FACE31AFB9204008FA782 /* Resources */,
				CFAB4AEDC30C8BC9A3F149DE /* [CP] Embed Pods Frameworks */,
			);
			buildRules = (
			);
			dependencies = (
				607FACE71AFB9204008FA782 /* PBXTargetDependency */,
			);
			name = AndesUI_Tests;
			productName = Tests;
			productReference = 607FACE51AFB9204008FA782 /* AndesUI_Tests.xctest */;
			productType = "com.apple.product-type.bundle.unit-test";
		};
		9CF562C8245892F5008AD504 /* AndesUI - UITests */ = {
			isa = PBXNativeTarget;
			buildConfigurationList = 9CF562D0245892F5008AD504 /* Build configuration list for PBXNativeTarget "AndesUI - UITests" */;
			buildPhases = (
				9CF562C5245892F5008AD504 /* Sources */,
				9CF562C6245892F5008AD504 /* Frameworks */,
				9CF562C7245892F5008AD504 /* Resources */,
			);
			buildRules = (
			);
			dependencies = (
				9CF562CF245892F5008AD504 /* PBXTargetDependency */,
			);
			name = "AndesUI - UITests";
			productName = "AndesUI - UITests";
			productReference = 9CF562C9245892F5008AD504 /* AndesUI - UITests.xctest */;
			productType = "com.apple.product-type.bundle.ui-testing";
		};
/* End PBXNativeTarget section */

/* Begin PBXProject section */
		607FACC81AFB9204008FA782 /* Project object */ = {
			isa = PBXProject;
			attributes = {
				CLASSPREFIX = AndesUI;
				LastSwiftUpdateCheck = 1140;
				LastUpgradeCheck = 0830;
				ORGANIZATIONNAME = MercadoLibre;
				TargetAttributes = {
					607FACCF1AFB9204008FA782 = {
						DevelopmentTeam = T9VUHG6RU2;
						LastSwiftMigration = 1130;
					};
					607FACE41AFB9204008FA782 = {
						LastSwiftMigration = 0900;
						TestTargetID = 607FACCF1AFB9204008FA782;
					};
					9CF562C8245892F5008AD504 = {
						CreatedOnToolsVersion = 11.4.1;
						DevelopmentTeam = T9VUHG6RU2;
						ProvisioningStyle = Automatic;
						TestTargetID = 607FACCF1AFB9204008FA782;
					};
				};
			};
			buildConfigurationList = 607FACCB1AFB9204008FA782 /* Build configuration list for PBXProject "AndesUI" */;
			compatibilityVersion = "Xcode 3.2";
			developmentRegion = en;
			hasScannedForEncodings = 0;
			knownRegions = (
				en,
				Base,
			);
			mainGroup = 607FACC71AFB9204008FA782;
			productRefGroup = 607FACD11AFB9204008FA782 /* Products */;
			projectDirPath = "";
			projectRoot = "";
			targets = (
				607FACCF1AFB9204008FA782 /* AndesUI-demoapp */,
				607FACE41AFB9204008FA782 /* AndesUI_Tests */,
				9CF562C8245892F5008AD504 /* AndesUI - UITests */,
			);
		};
/* End PBXProject section */

/* Begin PBXResourcesBuildPhase section */
		607FACCE1AFB9204008FA782 /* Resources */ = {
			isa = PBXResourcesBuildPhase;
			buildActionMask = 2147483647;
			files = (
				9CA28815244768C400E299C3 /* TextFieldObjCViewController.xib in Resources */,
				86A1E30D24815CBA00B59D1D /* TagViewController.xib in Resources */,
				90530B12242BFD15005E056A /* BadgeViewController.xib in Resources */,
				023ADCED24ACD4050076C3F3 /* ThumbnailObjCViewController.xib in Resources */,
				90F47820243534F0001CEC90 /* BadgeObjCViewController.xib in Resources */,
				6A186A6A23AC0FBB00420556 /* ButtonsViewController.xib in Resources */,
				9C9B5A9023ECEED40007234B /* WhatsNewViewController.xib in Resources */,
				90530B0C242BFAA7005E056A /* AndesBadgeShowcaseViewController.xib in Resources */,
				9C9B5A9223ECF2120007234B /* CHANGELOG.md in Resources */,
				607FACE01AFB9204008FA782 /* LaunchScreen.xib in Resources */,
				9CA28813244761F200E299C3 /* TextAreaViewController.xib in Resources */,
				9CE112DD23CE58910017B770 /* MessageViewController.xib in Resources */,
				F899354824A0EE22004BC82D /* CheckboxObjCViewController.xib in Resources */,
				F8C3694F24A62E9D00B93DAC /* AndesCheckboxInitViewController.xib in Resources */,
				F8249D0A24ABCAC8002A6456 /* AndesRadioButtonViewController.xib in Resources */,
				8634C9E924AB774700DB7B9F /* SnackbarObjCViewController.xib in Resources */,
				9C2FFC6B23EDB1A50016292E /* whats_new.html in Resources */,
				F830F8872494127C0043D5AF /* AndesCheckboxViewController.xib in Resources */,
				9C9B5A8823ECB08D0007234B /* Localizable.strings in Resources */,
				8617BD202499B6570071319C /* SnackbarViewController.xib in Resources */,
				F85E052024AF69B20059C6FA /* RadioButtonObjCViewController.xib in Resources */,
				023ADCE824ACD1570076C3F3 /* ThumbnailViewController.xib in Resources */,
				9CE112FD23D20B0E0017B770 /* MessageObjCViewController.xib in Resources */,
				86A1E30924815A1700B59D1D /* AndesTagShowcaseViewController.xib in Resources */,
				86A1E3122481E56300B59D1D /* TagObjCViewController.xib in Resources */,
				9CB172942422518C00B61431 /* AndesShowcasePageViewController.xib in Resources */,
				6A3C9CFC23C692B6007D0C8B /* HomeViewController.xib in Resources */,
				F899354324A0DADB004BC82D /* AndesCheckboxShowcaseViewController.xib in Resources */,
				6D2152F9241C1210001CEA8D /* TextFieldViewController.xib in Resources */,
				607FACDD1AFB9204008FA782 /* Images.xcassets in Resources */,
				6A22DCC123C918EA00BBFEA0 /* AndesUIViewController.xib in Resources */,
			);
			runOnlyForDeploymentPostprocessing = 0;
		};
		607FACE31AFB9204008FA782 /* Resources */ = {
			isa = PBXResourcesBuildPhase;
			buildActionMask = 2147483647;
			files = (
			);
			runOnlyForDeploymentPostprocessing = 0;
		};
		9CF562C7245892F5008AD504 /* Resources */ = {
			isa = PBXResourcesBuildPhase;
			buildActionMask = 2147483647;
			files = (
			);
			runOnlyForDeploymentPostprocessing = 0;
		};
/* End PBXResourcesBuildPhase section */

/* Begin PBXShellScriptBuildPhase section */
		2A829C442CE4271940F92A53 /* [CP] Embed Pods Frameworks */ = {
			isa = PBXShellScriptBuildPhase;
			buildActionMask = 2147483647;
			files = (
			);
			inputPaths = (
				"${PODS_ROOT}/Target Support Files/Pods-AndesUI-demoapp/Pods-AndesUI-demoapp-frameworks.sh",
				"${BUILT_PRODUCTS_DIR}/AndesUI/AndesUI.framework",
				"${BUILT_PRODUCTS_DIR}/IQKeyboardManagerSwift/IQKeyboardManagerSwift.framework",
			);
			name = "[CP] Embed Pods Frameworks";
			outputPaths = (
				"${TARGET_BUILD_DIR}/${FRAMEWORKS_FOLDER_PATH}/AndesUI.framework",
				"${TARGET_BUILD_DIR}/${FRAMEWORKS_FOLDER_PATH}/IQKeyboardManagerSwift.framework",
			);
			runOnlyForDeploymentPostprocessing = 0;
			shellPath = /bin/sh;
			shellScript = "\"${PODS_ROOT}/Target Support Files/Pods-AndesUI-demoapp/Pods-AndesUI-demoapp-frameworks.sh\"\n";
			showEnvVarsInLog = 0;
		};
		6070B01AE20C8AC0FD06CC8D /* [CP] Check Pods Manifest.lock */ = {
			isa = PBXShellScriptBuildPhase;
			buildActionMask = 2147483647;
			files = (
			);
			inputFileListPaths = (
			);
			inputPaths = (
				"${PODS_PODFILE_DIR_PATH}/Podfile.lock",
				"${PODS_ROOT}/Manifest.lock",
			);
			name = "[CP] Check Pods Manifest.lock";
			outputFileListPaths = (
			);
			outputPaths = (
				"$(DERIVED_FILE_DIR)/Pods-AndesUI-demoapp-checkManifestLockResult.txt",
			);
			runOnlyForDeploymentPostprocessing = 0;
			shellPath = /bin/sh;
			shellScript = "diff \"${PODS_PODFILE_DIR_PATH}/Podfile.lock\" \"${PODS_ROOT}/Manifest.lock\" > /dev/null\nif [ $? != 0 ] ; then\n    # print error to STDERR\n    echo \"error: The sandbox is not in sync with the Podfile.lock. Run 'pod install' or update your CocoaPods installation.\" >&2\n    exit 1\nfi\n# This output is used by Xcode 'outputs' to avoid re-running this script phase.\necho \"SUCCESS\" > \"${SCRIPT_OUTPUT_FILE_0}\"\n";
			showEnvVarsInLog = 0;
		};
		CFAB4AEDC30C8BC9A3F149DE /* [CP] Embed Pods Frameworks */ = {
			isa = PBXShellScriptBuildPhase;
			buildActionMask = 2147483647;
			files = (
			);
			inputPaths = (
				"${PODS_ROOT}/Target Support Files/Pods-AndesUI_Tests/Pods-AndesUI_Tests-frameworks.sh",
				"${BUILT_PRODUCTS_DIR}/Nimble/Nimble.framework",
				"${BUILT_PRODUCTS_DIR}/Quick/Quick.framework",
			);
			name = "[CP] Embed Pods Frameworks";
			outputPaths = (
				"${TARGET_BUILD_DIR}/${FRAMEWORKS_FOLDER_PATH}/Nimble.framework",
				"${TARGET_BUILD_DIR}/${FRAMEWORKS_FOLDER_PATH}/Quick.framework",
			);
			runOnlyForDeploymentPostprocessing = 0;
			shellPath = /bin/sh;
			shellScript = "\"${PODS_ROOT}/Target Support Files/Pods-AndesUI_Tests/Pods-AndesUI_Tests-frameworks.sh\"\n";
			showEnvVarsInLog = 0;
		};
		E0FCC9C9E2A3EE48CE62DFB5 /* [CP] Check Pods Manifest.lock */ = {
			isa = PBXShellScriptBuildPhase;
			buildActionMask = 2147483647;
			files = (
			);
			inputFileListPaths = (
			);
			inputPaths = (
				"${PODS_PODFILE_DIR_PATH}/Podfile.lock",
				"${PODS_ROOT}/Manifest.lock",
			);
			name = "[CP] Check Pods Manifest.lock";
			outputFileListPaths = (
			);
			outputPaths = (
				"$(DERIVED_FILE_DIR)/Pods-AndesUI_Tests-checkManifestLockResult.txt",
			);
			runOnlyForDeploymentPostprocessing = 0;
			shellPath = /bin/sh;
			shellScript = "diff \"${PODS_PODFILE_DIR_PATH}/Podfile.lock\" \"${PODS_ROOT}/Manifest.lock\" > /dev/null\nif [ $? != 0 ] ; then\n    # print error to STDERR\n    echo \"error: The sandbox is not in sync with the Podfile.lock. Run 'pod install' or update your CocoaPods installation.\" >&2\n    exit 1\nfi\n# This output is used by Xcode 'outputs' to avoid re-running this script phase.\necho \"SUCCESS\" > \"${SCRIPT_OUTPUT_FILE_0}\"\n";
			showEnvVarsInLog = 0;
		};
/* End PBXShellScriptBuildPhase section */

/* Begin PBXSourcesBuildPhase section */
		607FACCC1AFB9204008FA782 /* Sources */ = {
			isa = PBXSourcesBuildPhase;
			buildActionMask = 2147483647;
			files = (
				6D2152E9241BCC65001CEA8D /* TextFieldsRouter.swift in Sources */,
				F899354524A0EC7B004BC82D /* CheckboxObjCViewController.m in Sources */,
				6D2152EC241BCD0E001CEA8D /* AndesShowcasePageViewController.swift in Sources */,
				8634C9E824AB774700DB7B9F /* SnackbarObjCViewController.m in Sources */,
				9CA2881124475DE700E299C3 /* TextAreaViewController.swift in Sources */,
				F8249D0524ABC9AD002A6456 /* RadioButtonRouter.swift in Sources */,
				F899354124A0DA98004BC82D /* AndesCheckboxShowcaseViewController.swift in Sources */,
				023ADCE324ACC2930076C3F3 /* ThumbnailRouter.swift in Sources */,
				90530B11242BFD15005E056A /* BadgeViewController.swift in Sources */,
				9CD1071D23EDF3A90081232D /* UIView+Additions.swift in Sources */,
				57F34E9E2225DE0900454D8B /* AndesUIAppDelegate.swift in Sources */,
				F8249D0824ABCA4E002A6456 /* AndesRadioButtonViewController.swift in Sources */,
				6A3C9CFA23C692B6007D0C8B /* HomeRouter.swift in Sources */,
				9CE112DB23CE587B0017B770 /* MessageViewController.swift in Sources */,
				9C9B5A8F23ECEED40007234B /* WhatsNewViewController.swift in Sources */,
				86A1E3112481E56300B59D1D /* TagObjCViewController.m in Sources */,
				90530B07242BF9ED005E056A /* BadgesRouter.swift in Sources */,
				8617BD1F2499B6570071319C /* SnackbarViewController.swift in Sources */,
				023ADCEC24ACD4050076C3F3 /* ThumbnailObjCViewController.m in Sources */,
				6A3C9CFD23C692B6007D0C8B /* HomeViewController.swift in Sources */,
				F85E051E24AF68150059C6FA /* RadioButtonObjCViewController.m in Sources */,
				90F4781F243534F0001CEC90 /* BadgeObjCViewController.m in Sources */,
				8617BD172499B5860071319C /* SnackbarRouter.swift in Sources */,
				90530B0B242BFAA7005E056A /* AndesBadgeShowcaseViewController.swift in Sources */,
				6A186A6923AC0FBB00420556 /* ButtonsViewController.swift in Sources */,
				9CE1130223D20BF40017B770 /* MessageObjCViewController.m in Sources */,
				F830F883249400020043D5AF /* CheckboxRouter.swift in Sources */,
				86D656B5248FF79500E62C1E /* AndesDemoColor.swift in Sources */,
				6D2152F3241C080C001CEA8D /* TextFieldObjCViewController.m in Sources */,
				9CD1072B23F1E7AB0081232D /* MessagesRouter.swift in Sources */,
				86A1E30C24815CBA00B59D1D /* TagViewController.swift in Sources */,
				6D2152EE241BD83C001CEA8D /* TextFieldViewController.swift in Sources */,
				9C9B5A8C23ECEEBE0007234B /* WhatsNewRouter.swift in Sources */,
				023ADCE724ACD1560076C3F3 /* ThumbnailViewController.swift in Sources */,
				6A22DCC023C918EA00BBFEA0 /* AndesUIViewController.m in Sources */,
				F830F885249400760043D5AF /* AndesCheckboxViewController.swift in Sources */,
				6A186A6823AC0FBB00420556 /* ButtonsRouter.swift in Sources */,
				6A3C9CFB23C692B6007D0C8B /* HomePresenter.swift in Sources */,
				9C9B5A8123ECADB80007234B /* String+Additions.swift in Sources */,
				F8D7CB1A24A388D7003D5294 /* AndesCheckboxInitViewController.swift in Sources */,
				86A1E3042481599500B59D1D /* TagRouter.swift in Sources */,
				86A1E30824815A1700B59D1D /* AndesTagShowcaseViewController.swift in Sources */,
			);
			runOnlyForDeploymentPostprocessing = 0;
		};
		607FACE11AFB9204008FA782 /* Sources */ = {
			isa = PBXSourcesBuildPhase;
			buildActionMask = 2147483647;
			files = (
				9C592C0C2450A6B70038785E /* AndesTextFieldSideComponentTests.swift in Sources */,
				F85E052324AF79900059C6FA /* AndesRadioButtonTest.swift in Sources */,
				9CAD81E923FD66ED00D43EB9 /* AndesIconsProviderTests.swift in Sources */,
				9C592C0B2450A6B70038785E /* AndesTextAreaTests.swift in Sources */,
				E615508A23D619E300417B5F /* AndesButtonTests.swift in Sources */,
				02683A5B24B36E1000C3FD9A /* AndesThumbnailTests.swift in Sources */,
				8634C9E124A650B900DB7B9F /* AndeSnackbarManagerTests.swift in Sources */,
				9C592C0E2450A6BD0038785E /* AndesEnumStringConvertibleTests.swift in Sources */,
				F8C93A3A24A272F600ADCE1C /* AndesCheckboxTest.swift in Sources */,
				6DBB66002436423200FA9581 /* AndesTextFieldTests.swift in Sources */,
				607FACEC1AFB9204008FA782 /* AndesStyleSheetTests.swift in Sources */,
				90F4782224363A8F001CEC90 /* AndesBadgeTests.swift in Sources */,
				86E0A35D2493BDA9003D338C /* AndesTagSimpleTests.swift in Sources */,
				9CE112F123D1E14B0017B770 /* AndesMessageTests.swift in Sources */,
				8634C9DC24A6334000DB7B9F /* AndesSnackbarTests.swift in Sources */,
			);
			runOnlyForDeploymentPostprocessing = 0;
		};
		9CF562C5245892F5008AD504 /* Sources */ = {
			isa = PBXSourcesBuildPhase;
			buildActionMask = 2147483647;
			files = (
				9CF562D524589338008AD504 /* UITestButtons.swift in Sources */,
				9CF562DA24589A8B008AD504 /* UITestMessage.swift in Sources */,
				86E0A4C2249415CE003D338C /* UITestTag.swift in Sources */,
				9CF562E4245A082C008AD504 /* UITestBadge.swift in Sources */,
				9CF562D624589338008AD504 /* SnapshotHelper.swift in Sources */,
				9CF562E22459F9B3008AD504 /* UITextField.swift in Sources */,
			);
			runOnlyForDeploymentPostprocessing = 0;
		};
/* End PBXSourcesBuildPhase section */

/* Begin PBXTargetDependency section */
		607FACE71AFB9204008FA782 /* PBXTargetDependency */ = {
			isa = PBXTargetDependency;
			target = 607FACCF1AFB9204008FA782 /* AndesUI-demoapp */;
			targetProxy = 607FACE61AFB9204008FA782 /* PBXContainerItemProxy */;
		};
		9CF562CF245892F5008AD504 /* PBXTargetDependency */ = {
			isa = PBXTargetDependency;
			target = 607FACCF1AFB9204008FA782 /* AndesUI-demoapp */;
			targetProxy = 9CF562CE245892F5008AD504 /* PBXContainerItemProxy */;
		};
/* End PBXTargetDependency section */

/* Begin PBXVariantGroup section */
		607FACDE1AFB9204008FA782 /* LaunchScreen.xib */ = {
			isa = PBXVariantGroup;
			children = (
				607FACDF1AFB9204008FA782 /* Base */,
			);
			name = LaunchScreen.xib;
			sourceTree = "<group>";
		};
/* End PBXVariantGroup section */

/* Begin XCBuildConfiguration section */
		607FACED1AFB9204008FA782 /* Debug */ = {
			isa = XCBuildConfiguration;
			buildSettings = {
				ALWAYS_EMBED_SWIFT_STANDARD_LIBRARIES = YES;
				ALWAYS_SEARCH_USER_PATHS = NO;
				CLANG_CXX_LANGUAGE_STANDARD = "gnu++0x";
				CLANG_CXX_LIBRARY = "libc++";
				CLANG_ENABLE_MODULES = YES;
				CLANG_ENABLE_OBJC_ARC = YES;
				CLANG_WARN_BLOCK_CAPTURE_AUTORELEASING = YES;
				CLANG_WARN_BOOL_CONVERSION = YES;
				CLANG_WARN_COMMA = YES;
				CLANG_WARN_CONSTANT_CONVERSION = YES;
				CLANG_WARN_DIRECT_OBJC_ISA_USAGE = YES_ERROR;
				CLANG_WARN_EMPTY_BODY = YES;
				CLANG_WARN_ENUM_CONVERSION = YES;
				CLANG_WARN_INFINITE_RECURSION = YES;
				CLANG_WARN_INT_CONVERSION = YES;
				CLANG_WARN_NON_LITERAL_NULL_CONVERSION = YES;
				CLANG_WARN_OBJC_LITERAL_CONVERSION = YES;
				CLANG_WARN_OBJC_ROOT_CLASS = YES_ERROR;
				CLANG_WARN_RANGE_LOOP_ANALYSIS = YES;
				CLANG_WARN_STRICT_PROTOTYPES = YES;
				CLANG_WARN_SUSPICIOUS_MOVE = YES;
				CLANG_WARN_UNREACHABLE_CODE = YES;
				CLANG_WARN__DUPLICATE_METHOD_MATCH = YES;
				"CODE_SIGN_IDENTITY[sdk=iphoneos*]" = "iPhone Developer";
				COPY_PHASE_STRIP = NO;
				DEBUG_INFORMATION_FORMAT = "dwarf-with-dsym";
				ENABLE_STRICT_OBJC_MSGSEND = YES;
				ENABLE_TESTABILITY = YES;
				GCC_C_LANGUAGE_STANDARD = gnu99;
				GCC_DYNAMIC_NO_PIC = NO;
				GCC_NO_COMMON_BLOCKS = YES;
				GCC_OPTIMIZATION_LEVEL = 0;
				GCC_PREPROCESSOR_DEFINITIONS = (
					"DEBUG=1",
					"$(inherited)",
				);
				GCC_SYMBOLS_PRIVATE_EXTERN = NO;
				GCC_WARN_64_TO_32_BIT_CONVERSION = YES;
				GCC_WARN_ABOUT_RETURN_TYPE = YES_ERROR;
				GCC_WARN_UNDECLARED_SELECTOR = YES;
				GCC_WARN_UNINITIALIZED_AUTOS = YES_AGGRESSIVE;
				GCC_WARN_UNUSED_FUNCTION = YES;
				GCC_WARN_UNUSED_VARIABLE = YES;
				IPHONEOS_DEPLOYMENT_TARGET = 10.0;
				MTL_ENABLE_DEBUG_INFO = YES;
				ONLY_ACTIVE_ARCH = YES;
				SDKROOT = iphoneos;
				SWIFT_OPTIMIZATION_LEVEL = "-Onone";
			};
			name = Debug;
		};
		607FACEE1AFB9204008FA782 /* Release */ = {
			isa = XCBuildConfiguration;
			buildSettings = {
				ALWAYS_EMBED_SWIFT_STANDARD_LIBRARIES = YES;
				ALWAYS_SEARCH_USER_PATHS = NO;
				CLANG_CXX_LANGUAGE_STANDARD = "gnu++0x";
				CLANG_CXX_LIBRARY = "libc++";
				CLANG_ENABLE_MODULES = YES;
				CLANG_ENABLE_OBJC_ARC = YES;
				CLANG_WARN_BLOCK_CAPTURE_AUTORELEASING = YES;
				CLANG_WARN_BOOL_CONVERSION = YES;
				CLANG_WARN_COMMA = YES;
				CLANG_WARN_CONSTANT_CONVERSION = YES;
				CLANG_WARN_DIRECT_OBJC_ISA_USAGE = YES_ERROR;
				CLANG_WARN_EMPTY_BODY = YES;
				CLANG_WARN_ENUM_CONVERSION = YES;
				CLANG_WARN_INFINITE_RECURSION = YES;
				CLANG_WARN_INT_CONVERSION = YES;
				CLANG_WARN_NON_LITERAL_NULL_CONVERSION = YES;
				CLANG_WARN_OBJC_LITERAL_CONVERSION = YES;
				CLANG_WARN_OBJC_ROOT_CLASS = YES_ERROR;
				CLANG_WARN_RANGE_LOOP_ANALYSIS = YES;
				CLANG_WARN_STRICT_PROTOTYPES = YES;
				CLANG_WARN_SUSPICIOUS_MOVE = YES;
				CLANG_WARN_UNREACHABLE_CODE = YES;
				CLANG_WARN__DUPLICATE_METHOD_MATCH = YES;
				"CODE_SIGN_IDENTITY[sdk=iphoneos*]" = "iPhone Developer";
				COPY_PHASE_STRIP = NO;
				DEBUG_INFORMATION_FORMAT = "dwarf-with-dsym";
				ENABLE_NS_ASSERTIONS = NO;
				ENABLE_STRICT_OBJC_MSGSEND = YES;
				GCC_C_LANGUAGE_STANDARD = gnu99;
				GCC_NO_COMMON_BLOCKS = YES;
				GCC_WARN_64_TO_32_BIT_CONVERSION = YES;
				GCC_WARN_ABOUT_RETURN_TYPE = YES_ERROR;
				GCC_WARN_UNDECLARED_SELECTOR = YES;
				GCC_WARN_UNINITIALIZED_AUTOS = YES_AGGRESSIVE;
				GCC_WARN_UNUSED_FUNCTION = YES;
				GCC_WARN_UNUSED_VARIABLE = YES;
				IPHONEOS_DEPLOYMENT_TARGET = 10.0;
				MTL_ENABLE_DEBUG_INFO = NO;
				SDKROOT = iphoneos;
				SWIFT_OPTIMIZATION_LEVEL = "-Owholemodule";
				VALIDATE_PRODUCT = YES;
			};
			name = Release;
		};
		607FACF01AFB9204008FA782 /* Debug */ = {
			isa = XCBuildConfiguration;
			baseConfigurationReference = F1687EB5920F308AFA904326 /* Pods-AndesUI-demoapp.debug.xcconfig */;
			buildSettings = {
				ASSETCATALOG_COMPILER_APPICON_NAME = AppIcon;
				CLANG_ENABLE_MODULES = YES;
				CURRENT_PROJECT_VERSION = 3.0.0;
				DEVELOPMENT_TEAM = T9VUHG6RU2;
				INFOPLIST_FILE = "AndesUI/AndesUI-Info.plist";
				IPHONEOS_DEPLOYMENT_TARGET = 10.3;
				LD_RUNPATH_SEARCH_PATHS = "$(inherited) @executable_path/Frameworks";
				LIBRARY_SEARCH_PATHS = "$(TOOLCHAIN_DIR)/usr/lib/swift/$(PLATFORM_NAME)";
				MARKETING_VERSION = 3.0.0;
				MODULE_NAME = ExampleApp;
				PRODUCT_BUNDLE_IDENTIFIER = com.mercadolibre.andesui;
				PRODUCT_NAME = "AndesUI DemoApp";
				SWIFT_OBJC_BRIDGING_HEADER = "AndesUI/AndesUI-demoapp-Bridging-Header.h";
				SWIFT_OPTIMIZATION_LEVEL = "-Onone";
				SWIFT_SWIFT3_OBJC_INFERENCE = Default;
				SWIFT_VERSION = 4.0;
			};
			name = Debug;
		};
		607FACF11AFB9204008FA782 /* Release */ = {
			isa = XCBuildConfiguration;
			baseConfigurationReference = 6E64FFA0A9C64C1FB0EA4215 /* Pods-AndesUI-demoapp.release.xcconfig */;
			buildSettings = {
				ASSETCATALOG_COMPILER_APPICON_NAME = AppIcon;
				CLANG_ENABLE_MODULES = YES;
				CURRENT_PROJECT_VERSION = 3.0.0;
				DEVELOPMENT_TEAM = T9VUHG6RU2;
				INFOPLIST_FILE = "AndesUI/AndesUI-Info.plist";
				IPHONEOS_DEPLOYMENT_TARGET = 10.3;
				LD_RUNPATH_SEARCH_PATHS = "$(inherited) @executable_path/Frameworks";
				LIBRARY_SEARCH_PATHS = "$(TOOLCHAIN_DIR)/usr/lib/swift/$(PLATFORM_NAME)";
				MARKETING_VERSION = 3.0.0;
				MODULE_NAME = ExampleApp;
				PRODUCT_BUNDLE_IDENTIFIER = com.mercadolibre.andesui;
				PRODUCT_NAME = "AndesUI DemoApp";
				SWIFT_OBJC_BRIDGING_HEADER = "AndesUI/AndesUI-demoapp-Bridging-Header.h";
				SWIFT_SWIFT3_OBJC_INFERENCE = Default;
				SWIFT_VERSION = 4.0;
			};
			name = Release;
		};
		607FACF31AFB9204008FA782 /* Debug */ = {
			isa = XCBuildConfiguration;
			baseConfigurationReference = 3342B83BB32B2CBB292FBB1B /* Pods-AndesUI_Tests.debug.xcconfig */;
			buildSettings = {
				ALWAYS_EMBED_SWIFT_STANDARD_LIBRARIES = YES;
				FRAMEWORK_SEARCH_PATHS = (
					"$(SDKROOT)/Developer/Library/Frameworks",
					"$(inherited)",
				);
				GCC_PREPROCESSOR_DEFINITIONS = (
					"DEBUG=1",
					"$(inherited)",
				);
				INFOPLIST_FILE = Tests/Info.plist;
				LD_RUNPATH_SEARCH_PATHS = "$(inherited) @executable_path/Frameworks @loader_path/Frameworks";
				LIBRARY_SEARCH_PATHS = "$(TOOLCHAIN_DIR)/usr/lib/swift/$(PLATFORM_NAME)";
				PRODUCT_BUNDLE_IDENTIFIER = "com.mercadolibre.$(PRODUCT_NAME:rfc1034identifier)";
				PRODUCT_NAME = "$(TARGET_NAME)";
				SWIFT_SWIFT3_OBJC_INFERENCE = Default;
				SWIFT_VERSION = 4.0;
				TEST_HOST = "$(BUILT_PRODUCTS_DIR)/AndesUI DemoApp.app/AndesUI DemoApp";
			};
			name = Debug;
		};
		607FACF41AFB9204008FA782 /* Release */ = {
			isa = XCBuildConfiguration;
			baseConfigurationReference = D9A567E4C1B9D9CA9DFC1E89 /* Pods-AndesUI_Tests.release.xcconfig */;
			buildSettings = {
				ALWAYS_EMBED_SWIFT_STANDARD_LIBRARIES = YES;
				FRAMEWORK_SEARCH_PATHS = (
					"$(SDKROOT)/Developer/Library/Frameworks",
					"$(inherited)",
				);
				INFOPLIST_FILE = Tests/Info.plist;
				LD_RUNPATH_SEARCH_PATHS = "$(inherited) @executable_path/Frameworks @loader_path/Frameworks";
				LIBRARY_SEARCH_PATHS = "$(TOOLCHAIN_DIR)/usr/lib/swift/$(PLATFORM_NAME)";
				PRODUCT_BUNDLE_IDENTIFIER = "com.mercadolibre.$(PRODUCT_NAME:rfc1034identifier)";
				PRODUCT_NAME = "$(TARGET_NAME)";
				SWIFT_SWIFT3_OBJC_INFERENCE = Default;
				SWIFT_VERSION = 4.0;
				TEST_HOST = "$(BUILT_PRODUCTS_DIR)/AndesUI DemoApp.app/AndesUI DemoApp";
			};
			name = Release;
		};
		86D0F2C52492DF9C00E7F1D8 /* MDS */ = {
			isa = XCBuildConfiguration;
			buildSettings = {
				ALWAYS_EMBED_SWIFT_STANDARD_LIBRARIES = YES;
				ALWAYS_SEARCH_USER_PATHS = NO;
				CLANG_CXX_LANGUAGE_STANDARD = "gnu++0x";
				CLANG_CXX_LIBRARY = "libc++";
				CLANG_ENABLE_MODULES = YES;
				CLANG_ENABLE_OBJC_ARC = YES;
				CLANG_WARN_BLOCK_CAPTURE_AUTORELEASING = YES;
				CLANG_WARN_BOOL_CONVERSION = YES;
				CLANG_WARN_COMMA = YES;
				CLANG_WARN_CONSTANT_CONVERSION = YES;
				CLANG_WARN_DIRECT_OBJC_ISA_USAGE = YES_ERROR;
				CLANG_WARN_EMPTY_BODY = YES;
				CLANG_WARN_ENUM_CONVERSION = YES;
				CLANG_WARN_INFINITE_RECURSION = YES;
				CLANG_WARN_INT_CONVERSION = YES;
				CLANG_WARN_NON_LITERAL_NULL_CONVERSION = YES;
				CLANG_WARN_OBJC_LITERAL_CONVERSION = YES;
				CLANG_WARN_OBJC_ROOT_CLASS = YES_ERROR;
				CLANG_WARN_RANGE_LOOP_ANALYSIS = YES;
				CLANG_WARN_STRICT_PROTOTYPES = YES;
				CLANG_WARN_SUSPICIOUS_MOVE = YES;
				CLANG_WARN_UNREACHABLE_CODE = YES;
				CLANG_WARN__DUPLICATE_METHOD_MATCH = YES;
				"CODE_SIGN_IDENTITY[sdk=iphoneos*]" = "iPhone Developer";
				COPY_PHASE_STRIP = NO;
				DEBUG_INFORMATION_FORMAT = "dwarf-with-dsym";
				ENABLE_STRICT_OBJC_MSGSEND = YES;
				ENABLE_TESTABILITY = YES;
				GCC_C_LANGUAGE_STANDARD = gnu99;
				GCC_DYNAMIC_NO_PIC = NO;
				GCC_NO_COMMON_BLOCKS = YES;
				GCC_OPTIMIZATION_LEVEL = 0;
				GCC_PREPROCESSOR_DEFINITIONS = (
					"DEBUG=1",
					"$(inherited)",
				);
				GCC_SYMBOLS_PRIVATE_EXTERN = NO;
				GCC_WARN_64_TO_32_BIT_CONVERSION = YES;
				GCC_WARN_ABOUT_RETURN_TYPE = YES_ERROR;
				GCC_WARN_UNDECLARED_SELECTOR = YES;
				GCC_WARN_UNINITIALIZED_AUTOS = YES_AGGRESSIVE;
				GCC_WARN_UNUSED_FUNCTION = YES;
				GCC_WARN_UNUSED_VARIABLE = YES;
				IPHONEOS_DEPLOYMENT_TARGET = 10.0;
				MTL_ENABLE_DEBUG_INFO = YES;
				ONLY_ACTIVE_ARCH = YES;
				SDKROOT = iphoneos;
				SWIFT_OPTIMIZATION_LEVEL = "-Onone";
			};
			name = MDS;
		};
		86D0F2C62492DF9C00E7F1D8 /* MDS */ = {
			isa = XCBuildConfiguration;
			baseConfigurationReference = 705E1889E591A1D6D1E0B47E /* Pods-AndesUI-demoapp.mds.xcconfig */;
			buildSettings = {
				ASSETCATALOG_COMPILER_APPICON_NAME = AppIcon;
				CLANG_ENABLE_MODULES = YES;
				CURRENT_PROJECT_VERSION = 3.0.0;
				DEVELOPMENT_TEAM = T9VUHG6RU2;
				INFOPLIST_FILE = "AndesUI/AndesUI-Info.plist";
				IPHONEOS_DEPLOYMENT_TARGET = 10.3;
				LD_RUNPATH_SEARCH_PATHS = "$(inherited) @executable_path/Frameworks";
				LIBRARY_SEARCH_PATHS = "$(TOOLCHAIN_DIR)/usr/lib/swift/$(PLATFORM_NAME)";
				MARKETING_VERSION = 3.0.0;
				MODULE_NAME = ExampleApp;
				PRODUCT_BUNDLE_IDENTIFIER = com.mercadolibre.andesui;
				PRODUCT_NAME = "AndesUI DemoApp";
				SWIFT_OBJC_BRIDGING_HEADER = "AndesUI/AndesUI-demoapp-Bridging-Header.h";
				SWIFT_OPTIMIZATION_LEVEL = "-Onone";
				SWIFT_SWIFT3_OBJC_INFERENCE = Default;
				SWIFT_VERSION = 4.0;
			};
			name = MDS;
		};
		86D0F2C72492DF9C00E7F1D8 /* MDS */ = {
			isa = XCBuildConfiguration;
			baseConfigurationReference = 83BC15984E16075D3226CA24 /* Pods-AndesUI_Tests.mds.xcconfig */;
			buildSettings = {
				ALWAYS_EMBED_SWIFT_STANDARD_LIBRARIES = YES;
				FRAMEWORK_SEARCH_PATHS = (
					"$(SDKROOT)/Developer/Library/Frameworks",
					"$(inherited)",
				);
				GCC_PREPROCESSOR_DEFINITIONS = (
					"DEBUG=1",
					"$(inherited)",
				);
				INFOPLIST_FILE = Tests/Info.plist;
				LD_RUNPATH_SEARCH_PATHS = "$(inherited) @executable_path/Frameworks @loader_path/Frameworks";
				LIBRARY_SEARCH_PATHS = "$(TOOLCHAIN_DIR)/usr/lib/swift/$(PLATFORM_NAME)";
				PRODUCT_BUNDLE_IDENTIFIER = "com.mercadolibre.$(PRODUCT_NAME:rfc1034identifier)";
				PRODUCT_NAME = "$(TARGET_NAME)";
				SWIFT_SWIFT3_OBJC_INFERENCE = Default;
				SWIFT_VERSION = 4.0;
				TEST_HOST = "$(BUILT_PRODUCTS_DIR)/AndesUI DemoApp.app/AndesUI DemoApp";
			};
			name = MDS;
		};
		86D0F2C82492DF9C00E7F1D8 /* MDS */ = {
			isa = XCBuildConfiguration;
			buildSettings = {
				CLANG_ANALYZER_NONNULL = YES;
				CLANG_ANALYZER_NUMBER_OBJECT_CONVERSION = YES_AGGRESSIVE;
				CLANG_CXX_LANGUAGE_STANDARD = "gnu++14";
				CLANG_ENABLE_OBJC_WEAK = YES;
				CLANG_WARN_DEPRECATED_OBJC_IMPLEMENTATIONS = YES;
				CLANG_WARN_DOCUMENTATION_COMMENTS = YES;
				CLANG_WARN_OBJC_IMPLICIT_RETAIN_SELF = YES;
				CLANG_WARN_UNGUARDED_AVAILABILITY = YES_AGGRESSIVE;
				CODE_SIGN_STYLE = Automatic;
				DEBUG_INFORMATION_FORMAT = dwarf;
				DEVELOPMENT_TEAM = T9VUHG6RU2;
				GCC_C_LANGUAGE_STANDARD = gnu11;
				INFOPLIST_FILE = "AndesUI - UITests/Info.plist";
				IPHONEOS_DEPLOYMENT_TARGET = 10.3;
				LD_RUNPATH_SEARCH_PATHS = "$(inherited) @executable_path/Frameworks @loader_path/Frameworks";
				MTL_ENABLE_DEBUG_INFO = INCLUDE_SOURCE;
				MTL_FAST_MATH = YES;
				PRODUCT_BUNDLE_IDENTIFIER = "com.mercadolibre.andesui-ui-test.AndesUI---UITests";
				PRODUCT_NAME = "$(TARGET_NAME)";
				SWIFT_ACTIVE_COMPILATION_CONDITIONS = DEBUG;
				SWIFT_VERSION = 5.0;
				TARGETED_DEVICE_FAMILY = "1,2";
				TEST_TARGET_NAME = "AndesUI-demoapp";
			};
			name = MDS;
		};
		9CF562D1245892F5008AD504 /* Debug */ = {
			isa = XCBuildConfiguration;
			buildSettings = {
				CLANG_ANALYZER_NONNULL = YES;
				CLANG_ANALYZER_NUMBER_OBJECT_CONVERSION = YES_AGGRESSIVE;
				CLANG_CXX_LANGUAGE_STANDARD = "gnu++14";
				CLANG_ENABLE_OBJC_WEAK = YES;
				CLANG_WARN_DEPRECATED_OBJC_IMPLEMENTATIONS = YES;
				CLANG_WARN_DOCUMENTATION_COMMENTS = YES;
				CLANG_WARN_OBJC_IMPLICIT_RETAIN_SELF = YES;
				CLANG_WARN_UNGUARDED_AVAILABILITY = YES_AGGRESSIVE;
				CODE_SIGN_STYLE = Automatic;
				DEBUG_INFORMATION_FORMAT = dwarf;
				DEVELOPMENT_TEAM = T9VUHG6RU2;
				GCC_C_LANGUAGE_STANDARD = gnu11;
				INFOPLIST_FILE = "AndesUI - UITests/Info.plist";
				IPHONEOS_DEPLOYMENT_TARGET = 10.3;
				LD_RUNPATH_SEARCH_PATHS = "$(inherited) @executable_path/Frameworks @loader_path/Frameworks";
				MTL_ENABLE_DEBUG_INFO = INCLUDE_SOURCE;
				MTL_FAST_MATH = YES;
				PRODUCT_BUNDLE_IDENTIFIER = "com.mercadolibre.andesui-ui-test.AndesUI---UITests";
				PRODUCT_NAME = "$(TARGET_NAME)";
				SWIFT_ACTIVE_COMPILATION_CONDITIONS = DEBUG;
				SWIFT_VERSION = 5.0;
				TARGETED_DEVICE_FAMILY = "1,2";
				TEST_TARGET_NAME = "AndesUI-demoapp";
			};
			name = Debug;
		};
		9CF562D2245892F5008AD504 /* Release */ = {
			isa = XCBuildConfiguration;
			buildSettings = {
				CLANG_ANALYZER_NONNULL = YES;
				CLANG_ANALYZER_NUMBER_OBJECT_CONVERSION = YES_AGGRESSIVE;
				CLANG_CXX_LANGUAGE_STANDARD = "gnu++14";
				CLANG_ENABLE_OBJC_WEAK = YES;
				CLANG_WARN_DEPRECATED_OBJC_IMPLEMENTATIONS = YES;
				CLANG_WARN_DOCUMENTATION_COMMENTS = YES;
				CLANG_WARN_OBJC_IMPLICIT_RETAIN_SELF = YES;
				CLANG_WARN_UNGUARDED_AVAILABILITY = YES_AGGRESSIVE;
				CODE_SIGN_STYLE = Automatic;
				DEVELOPMENT_TEAM = T9VUHG6RU2;
				GCC_C_LANGUAGE_STANDARD = gnu11;
				INFOPLIST_FILE = "AndesUI - UITests/Info.plist";
				IPHONEOS_DEPLOYMENT_TARGET = 10.3;
				LD_RUNPATH_SEARCH_PATHS = "$(inherited) @executable_path/Frameworks @loader_path/Frameworks";
				MTL_FAST_MATH = YES;
				PRODUCT_BUNDLE_IDENTIFIER = "com.mercadolibre.andesui-ui-test.AndesUI---UITests";
				PRODUCT_NAME = "$(TARGET_NAME)";
				SWIFT_VERSION = 5.0;
				TARGETED_DEVICE_FAMILY = "1,2";
				TEST_TARGET_NAME = "AndesUI-demoapp";
			};
			name = Release;
		};
/* End XCBuildConfiguration section */

/* Begin XCConfigurationList section */
		607FACCB1AFB9204008FA782 /* Build configuration list for PBXProject "AndesUI" */ = {
			isa = XCConfigurationList;
			buildConfigurations = (
				607FACED1AFB9204008FA782 /* Debug */,
				86D0F2C52492DF9C00E7F1D8 /* MDS */,
				607FACEE1AFB9204008FA782 /* Release */,
			);
			defaultConfigurationIsVisible = 0;
			defaultConfigurationName = Release;
		};
		607FACEF1AFB9204008FA782 /* Build configuration list for PBXNativeTarget "AndesUI-demoapp" */ = {
			isa = XCConfigurationList;
			buildConfigurations = (
				607FACF01AFB9204008FA782 /* Debug */,
				86D0F2C62492DF9C00E7F1D8 /* MDS */,
				607FACF11AFB9204008FA782 /* Release */,
			);
			defaultConfigurationIsVisible = 0;
			defaultConfigurationName = Release;
		};
		607FACF21AFB9204008FA782 /* Build configuration list for PBXNativeTarget "AndesUI_Tests" */ = {
			isa = XCConfigurationList;
			buildConfigurations = (
				607FACF31AFB9204008FA782 /* Debug */,
				86D0F2C72492DF9C00E7F1D8 /* MDS */,
				607FACF41AFB9204008FA782 /* Release */,
			);
			defaultConfigurationIsVisible = 0;
			defaultConfigurationName = Release;
		};
		9CF562D0245892F5008AD504 /* Build configuration list for PBXNativeTarget "AndesUI - UITests" */ = {
			isa = XCConfigurationList;
			buildConfigurations = (
				9CF562D1245892F5008AD504 /* Debug */,
				86D0F2C82492DF9C00E7F1D8 /* MDS */,
				9CF562D2245892F5008AD504 /* Release */,
			);
			defaultConfigurationIsVisible = 0;
			defaultConfigurationName = Release;
		};
/* End XCConfigurationList section */
	};
	rootObject = 607FACC81AFB9204008FA782 /* Project object */;
}
