PODS:
  - AndesUI (3.21.1):
    - AndesUI/Core (= 3.21.1)
  - AndesUI/AndesBottomSheet (3.21.1):
    - AndesUI/Core
  - AndesUI/AndesCoachmark (3.21.1):
    - AndesUI/Core
  - AndesUI/AndesDropdown (3.21.1):
    - AndesUI/AndesBottomSheet
    - AndesUI/Core
  - AndesUI/Core (3.21.1):
    - AndesUI/LocalIcons
  - AndesUI/LocalIcons (3.21.1)
  - IQKeyboardManagerSwift (6.5.0)
  - Nimble (7.3.4)
  - Quick (1.2.0)

DEPENDENCIES:
  - AndesUI (from `./`)
  - AndesUI/AndesBottomSheet (from `./`)
  - AndesUI/AndesCoachmark (from `./`)
  - AndesUI/AndesDropdown (from `./`)
  - IQKeyboardManagerSwift (= 6.5.0)
  - Nimble (~> 7.3.0)
  - Quick (~> 1.2.0)

SPEC REPOS:
  trunk:
    - IQKeyboardManagerSwift
    - Nimble
    - Quick

EXTERNAL SOURCES:
  AndesUI:
    :path: "./"

SPEC CHECKSUMS:
  AndesUI: 75a9a8927e513f471f95b4a1253ee608b87e2099
  IQKeyboardManagerSwift: 6cd19976c6e871907c4ed9127c2d3affdd4defc2
  Nimble: 051e3d8912d40138fa5591c78594f95fb172af37
  Quick: 58d203b1c5e27fff7229c4c1ae445ad7069a7a08

PODFILE CHECKSUM: 79394d0ce1cf6916b4bb6138df559fd7549dd493

COCOAPODS: 1.8.4
