PODS:
  - AndesUI (3.0.0):
    - AndesUI/Core (= 3.0.0)
  - AndesUI/Core (3.0.0):
    - AndesUI/LocalIcons
  - AndesUI/LocalIcons (3.0.0)
  - IQKeyboardManagerSwift (6.3.0)
  - Nimble (7.3.4)
  - Quick (1.2.0)

DEPENDENCIES:
  - AndesUI (from `./`)
  - IQKeyboardManagerSwift (= 6.3.0)
  - Nimble (~> 7.3.0)
  - Quick (~> 1.2.0)

SPEC REPOS:
  trunk:
    - IQKeyboardManagerSwift
    - Nimble
    - Quick

EXTERNAL SOURCES:
  AndesUI:
    :path: "./"

SPEC CHECKSUMS:
  AndesUI: d6b1fe15796879015fab3d84a3f6553dcfd2d21d
  IQKeyboardManagerSwift: a8228c257614af98743b4cd8584637025f36358f
  Nimble: 051e3d8912d40138fa5591c78594f95fb172af37
  Quick: 58d203b1c5e27fff7229c4c1ae445ad7069a7a08

PODFILE CHECKSUM: 36a6d82c68c36e540da75698945b7e0c6d6fd6e5

COCOAPODS: 1.8.4
