PODS:
  - AndesUI (3.18.1):
    - AndesUI/Core (= 3.18.1)
  - AndesUI/AndesBottomSheet (3.18.1):
    - AndesUI/Core
  - AndesUI/AndesCoachmark (3.18.1):
    - AndesUI/Core
  - AndesUI/AndesDropdown (3.18.1):
    - AndesUI/AndesBottomSheet
    - AndesUI/Core
  - AndesUI/Core (3.18.1):
    - AndesUI/LocalIcons
  - AndesUI/LocalIcons (3.18.1)
  - IQKeyboardManagerSwift (6.3.0)
  - Nimble (7.3.4)
  - Quick (1.2.0)

DEPENDENCIES:
  - AndesUI (from `./`)
  - AndesUI/AndesBottomSheet (from `./`)
  - AndesUI/AndesCoachmark (from `./`)
  - AndesUI/AndesDropdown (from `./`)
  - IQKeyboardManagerSwift (= 6.3.0)
  - Nimble (~> 7.3.0)
  - Quick (~> 1.2.0)

SPEC REPOS:
  trunk:
    - IQKeyboardManagerSwift
    - Nimble
    - Quick

EXTERNAL SOURCES:
  AndesUI:
    :path: "./"

SPEC CHECKSUMS:
  AndesUI: 060db9fe14d456117401c59e80c431c8d42a62db
  IQKeyboardManagerSwift: a8228c257614af98743b4cd8584637025f36358f
  Nimble: 051e3d8912d40138fa5591c78594f95fb172af37
  Quick: 58d203b1c5e27fff7229c4c1ae445ad7069a7a08

PODFILE CHECKSUM: 7d29862db5d1c1b93bbcdb145b9ce8e2ea8f4d8b

COCOAPODS: 1.8.4
